// !$*UTF8*$!
{
	archiveVersion = 1;
	classes = {
	};
	objectVersion = 46;
	objects = {

/* Begin PBXBuildFile section */
		B31823DE1423E662008D62B6 /* MBProgressHUD.m in Sources */ = {isa = PBXBuildFile; fileRef = B31823DD1423E662008D62B6 /* MBProgressHUD.m */; };
		B337BE9814252FB9002BAB4B /* map_icon.png in Resources */ = {isa = PBXBuildFile; fileRef = B337BE9714252FB9002BAB4B /* map_icon.png */; };
		B337BE9A14252FEC002BAB4B /* settings_icon.png in Resources */ = {isa = PBXBuildFile; fileRef = B337BE9914252FEC002BAB4B /* settings_icon.png */; };
		B337BEA4142540E6002BAB4B /* MovieCell.m in Sources */ = {isa = PBXBuildFile; fileRef = B337BEA2142540E6002BAB4B /* MovieCell.m */; };
		B337BEA5142540E6002BAB4B /* MovieCell.xib in Resources */ = {isa = PBXBuildFile; fileRef = B337BEA3142540E6002BAB4B /* MovieCell.xib */; };
		B351B2351424DDD900BDA78B /* CinemasMapController.m in Sources */ = {isa = PBXBuildFile; fileRef = B351B2331424DDD800BDA78B /* CinemasMapController.m */; };
		B351B2391424DE0300BDA78B /* CinemasMapController.xib in Resources */ = {isa = PBXBuildFile; fileRef = B351B2381424DE0300BDA78B /* CinemasMapController.xib */; };
		B351B2431424E1F600BDA78B /* MapKit.framework in Frameworks */ = {isa = PBXBuildFile; fileRef = B351B2421424E1F600BDA78B /* MapKit.framework */; };
		B351B2491424E41400BDA78B /* CoreLocation.framework in Frameworks */ = {isa = PBXBuildFile; fileRef = B351B2481424E3FB00BDA78B /* CoreLocation.framework */; };
		B3817EE014223AB000576C22 /* Coordinate.m in Sources */ = {isa = PBXBuildFile; fileRef = B3817EDF14223AB000576C22 /* Coordinate.m */; };
		B382A8B61427984600FCE8AB /* CinemaViewController.m in Sources */ = {isa = PBXBuildFile; fileRef = B382A8B41427984600FCE8AB /* CinemaViewController.m */; };
		B382A8BA1427987200FCE8AB /* CinemaViewController.xib in Resources */ = {isa = PBXBuildFile; fileRef = B382A8B91427987200FCE8AB /* CinemaViewController.xib */; };
		B3868382143B8320000340D7 /* libGoogleAnalytics.a in Frameworks */ = {isa = PBXBuildFile; fileRef = B3868380143B8320000340D7 /* libGoogleAnalytics.a */; };
		B3868383143B8320000340D7 /* libGoogleAnalytics_NoThumb.a in Frameworks */ = {isa = PBXBuildFile; fileRef = B3868381143B8320000340D7 /* libGoogleAnalytics_NoThumb.a */; };
		B39135451412A75A0053C84B /* UIKit.framework in Frameworks */ = {isa = PBXBuildFile; fileRef = B39135441412A75A0053C84B /* UIKit.framework */; };
		B39135471412A75A0053C84B /* Foundation.framework in Frameworks */ = {isa = PBXBuildFile; fileRef = B39135461412A75A0053C84B /* Foundation.framework */; };
		B39135491412A75A0053C84B /* CoreGraphics.framework in Frameworks */ = {isa = PBXBuildFile; fileRef = B39135481412A75A0053C84B /* CoreGraphics.framework */; };
		B391354B1412A75A0053C84B /* CoreData.framework in Frameworks */ = {isa = PBXBuildFile; fileRef = B391354A1412A75A0053C84B /* CoreData.framework */; };
		B39135531412A75A0053C84B /* main.m in Sources */ = {isa = PBXBuildFile; fileRef = B39135521412A75A0053C84B /* main.m */; };
		B391355D1412A75B0053C84B /* Popcornua.xcdatamodeld in Sources */ = {isa = PBXBuildFile; fileRef = B391355B1412A75B0053C84B /* Popcornua.xcdatamodeld */; };
		B39135651412A75B0053C84B /* SenTestingKit.framework in Frameworks */ = {isa = PBXBuildFile; fileRef = B39135641412A75B0053C84B /* SenTestingKit.framework */; };
		B39135661412A75B0053C84B /* UIKit.framework in Frameworks */ = {isa = PBXBuildFile; fileRef = B39135441412A75A0053C84B /* UIKit.framework */; };
		B39135671412A75B0053C84B /* Foundation.framework in Frameworks */ = {isa = PBXBuildFile; fileRef = B39135461412A75A0053C84B /* Foundation.framework */; };
		B39135681412A75B0053C84B /* CoreGraphics.framework in Frameworks */ = {isa = PBXBuildFile; fileRef = B39135481412A75A0053C84B /* CoreGraphics.framework */; };
		B39135691412A75B0053C84B /* CoreData.framework in Frameworks */ = {isa = PBXBuildFile; fileRef = B391354A1412A75A0053C84B /* CoreData.framework */; };
		B39135711412A75B0053C84B /* InfoPlist.strings in Resources */ = {isa = PBXBuildFile; fileRef = B391356F1412A75B0053C84B /* InfoPlist.strings */; };
		B39135731412A75B0053C84B /* PopcornuaTests.h in Resources */ = {isa = PBXBuildFile; fileRef = B39135721412A75B0053C84B /* PopcornuaTests.h */; };
		B39135751412A75B0053C84B /* PopcornuaTests.m in Sources */ = {isa = PBXBuildFile; fileRef = B39135741412A75B0053C84B /* PopcornuaTests.m */; };
		B391358D1412B09A0053C84B /* icon.png in Resources */ = {isa = PBXBuildFile; fileRef = B39135871412B09A0053C84B /* icon.png */; };
		B391358E1412B09A0053C84B /* icon@2x.png in Resources */ = {isa = PBXBuildFile; fileRef = B39135881412B09A0053C84B /* icon@2x.png */; };
		B391358F1412B09A0053C84B /* Default.png in Resources */ = {isa = PBXBuildFile; fileRef = B391358A1412B09A0053C84B /* Default.png */; };
		B39135D01412D20B0053C84B /* CinemasViewController.m in Sources */ = {isa = PBXBuildFile; fileRef = B39135CB1412D20B0053C84B /* CinemasViewController.m */; };
		B39135D11412D20B0053C84B /* MoviesViewController.m in Sources */ = {isa = PBXBuildFile; fileRef = B39135CD1412D20B0053C84B /* MoviesViewController.m */; };
		B39135D21412D20B0053C84B /* PopcornuaAppDelegate.m in Sources */ = {isa = PBXBuildFile; fileRef = B39135CF1412D20B0053C84B /* PopcornuaAppDelegate.m */; };
		B39135D61412D21A0053C84B /* CinemasViewController.xib in Resources */ = {isa = PBXBuildFile; fileRef = B39135D31412D21A0053C84B /* CinemasViewController.xib */; };
		B39135D71412D21A0053C84B /* MainWindow.xib in Resources */ = {isa = PBXBuildFile; fileRef = B39135D41412D21A0053C84B /* MainWindow.xib */; };
		B39135D81412D21A0053C84B /* MoviesViewController.xib in Resources */ = {isa = PBXBuildFile; fileRef = B39135D51412D21A0053C84B /* MoviesViewController.xib */; };
		B39135E11412D3350053C84B /* InfoPlist.strings in Resources */ = {isa = PBXBuildFile; fileRef = B391356F1412A75B0053C84B /* InfoPlist.strings */; };
		B39135E91412D5100053C84B /* InfoPlist.strings in Resources */ = {isa = PBXBuildFile; fileRef = B39135E71412D5100053C84B /* InfoPlist.strings */; };
		B39135EC1412D57B0053C84B /* Localizable.strings in Resources */ = {isa = PBXBuildFile; fileRef = B39135EA1412D57B0053C84B /* Localizable.strings */; };
		B39FE29C144A1B2800BEB249 /* libsqlite3.0.dylib in Frameworks */ = {isa = PBXBuildFile; fileRef = B39FE29B144A1B2800BEB249 /* libsqlite3.0.dylib */; };
		B3A319D614139879004DCCBE /* MainNavController.m in Sources */ = {isa = PBXBuildFile; fileRef = B3A319D514139879004DCCBE /* MainNavController.m */; };
		B3A319E71413A450004DCCBE /* Afisha.m in Sources */ = {isa = PBXBuildFile; fileRef = B3A319E61413A450004DCCBE /* Afisha.m */; };
		B3A319EA1413A46A004DCCBE /* Movie.m in Sources */ = {isa = PBXBuildFile; fileRef = B3A319E91413A46A004DCCBE /* Movie.m */; };
		B3A319ED1413A46B004DCCBE /* Cinema.m in Sources */ = {isa = PBXBuildFile; fileRef = B3A319EC1413A46A004DCCBE /* Cinema.m */; };
		B3B321E4142E82D2004E6C68 /* AfishaViewController.m in Sources */ = {isa = PBXBuildFile; fileRef = B3B321E2142E82D1004E6C68 /* AfishaViewController.m */; };
		B3B321E8142E8313004E6C68 /* AfishaViewController.xib in Resources */ = {isa = PBXBuildFile; fileRef = B3B321E7142E8313004E6C68 /* AfishaViewController.xib */; };
		B3B89CC2141C189C00CCC495 /* PCUDataController.m in Sources */ = {isa = PBXBuildFile; fileRef = B3B89CC1141C189C00CCC495 /* PCUDataController.m */; };
		B3B89CD9141C19A000CCC495 /* ASIAuthenticationDialog.m in Sources */ = {isa = PBXBuildFile; fileRef = B3B89CC6141C19A000CCC495 /* ASIAuthenticationDialog.m */; };
		B3B89CDA141C19A000CCC495 /* ASIDataCompressor.m in Sources */ = {isa = PBXBuildFile; fileRef = B3B89CC9141C19A000CCC495 /* ASIDataCompressor.m */; };
		B3B89CDB141C19A000CCC495 /* ASIDataDecompressor.m in Sources */ = {isa = PBXBuildFile; fileRef = B3B89CCB141C19A000CCC495 /* ASIDataDecompressor.m */; };
		B3B89CDC141C19A000CCC495 /* ASIDownloadCache.m in Sources */ = {isa = PBXBuildFile; fileRef = B3B89CCD141C19A000CCC495 /* ASIDownloadCache.m */; };
		B3B89CDD141C19A000CCC495 /* ASIFormDataRequest.m in Sources */ = {isa = PBXBuildFile; fileRef = B3B89CCF141C19A000CCC495 /* ASIFormDataRequest.m */; };
		B3B89CDE141C19A000CCC495 /* ASIHTTPRequest.m in Sources */ = {isa = PBXBuildFile; fileRef = B3B89CD1141C19A000CCC495 /* ASIHTTPRequest.m */; };
		B3B89CDF141C19A000CCC495 /* ASIInputStream.m in Sources */ = {isa = PBXBuildFile; fileRef = B3B89CD5141C19A000CCC495 /* ASIInputStream.m */; };
		B3B89CE0141C19A000CCC495 /* ASINetworkQueue.m in Sources */ = {isa = PBXBuildFile; fileRef = B3B89CD7141C19A000CCC495 /* ASINetworkQueue.m */; };
		B3B89CEA141C1ADF00CCC495 /* CFNetwork.framework in Frameworks */ = {isa = PBXBuildFile; fileRef = B3B89CE9141C1ADF00CCC495 /* CFNetwork.framework */; };
		B3B89CEC141C1AED00CCC495 /* SystemConfiguration.framework in Frameworks */ = {isa = PBXBuildFile; fileRef = B3B89CEB141C1AED00CCC495 /* SystemConfiguration.framework */; };
		B3B89CEE141C1AF700CCC495 /* MobileCoreServices.framework in Frameworks */ = {isa = PBXBuildFile; fileRef = B3B89CED141C1AF700CCC495 /* MobileCoreServices.framework */; };
		B3B89CF3141C1C0700CCC495 /* Reachability.m in Sources */ = {isa = PBXBuildFile; fileRef = B3B89CF2141C1C0700CCC495 /* Reachability.m */; };
		B3B89CF8141C235900CCC495 /* Default@2x.png in Resources */ = {isa = PBXBuildFile; fileRef = B391358B1412B09A0053C84B /* Default@2x.png */; };
		B3B89CFF141C245100CCC495 /* cinemas_icon.png in Resources */ = {isa = PBXBuildFile; fileRef = B3B89CFD141C245100CCC495 /* cinemas_icon.png */; };
		B3B89D00141C245100CCC495 /* movies_icon.png in Resources */ = {isa = PBXBuildFile; fileRef = B3B89CFE141C245100CCC495 /* movies_icon.png */; };
		B3B89D09141C2E5400CCC495 /* NSObject+SBJSON.m in Sources */ = {isa = PBXBuildFile; fileRef = B3B89D04141C2E5400CCC495 /* NSObject+SBJSON.m */; };
		B3B89D0A141C2E5400CCC495 /* NSString+SBJSON.m in Sources */ = {isa = PBXBuildFile; fileRef = B3B89D06141C2E5400CCC495 /* NSString+SBJSON.m */; };
		B3B89D0B141C2E5400CCC495 /* SBJSON.m in Sources */ = {isa = PBXBuildFile; fileRef = B3B89D08141C2E5400CCC495 /* SBJSON.m */; };
		B3DC0B95142F7CF200E0E8E0 /* IASKAppSettingsViewController.m in Sources */ = {isa = PBXBuildFile; fileRef = B3DC0B6F142F7CF200E0E8E0 /* IASKAppSettingsViewController.m */; };
		B3DC0B96142F7CF200E0E8E0 /* IASKAppSettingsWebViewController.m in Sources */ = {isa = PBXBuildFile; fileRef = B3DC0B71142F7CF200E0E8E0 /* IASKAppSettingsWebViewController.m */; };
		B3DC0B97142F7CF200E0E8E0 /* IASKSpecifierValuesViewController.m in Sources */ = {isa = PBXBuildFile; fileRef = B3DC0B73142F7CF200E0E8E0 /* IASKSpecifierValuesViewController.m */; };
		B3DC0B98142F7CF200E0E8E0 /* IASKSettingsReader.m in Sources */ = {isa = PBXBuildFile; fileRef = B3DC0B76142F7CF200E0E8E0 /* IASKSettingsReader.m */; };
		B3DC0B99142F7CF200E0E8E0 /* IASKSettingsStore.m in Sources */ = {isa = PBXBuildFile; fileRef = B3DC0B78142F7CF200E0E8E0 /* IASKSettingsStore.m */; };
		B3DC0B9A142F7CF200E0E8E0 /* IASKSettingsStoreFile.m in Sources */ = {isa = PBXBuildFile; fileRef = B3DC0B7A142F7CF200E0E8E0 /* IASKSettingsStoreFile.m */; };
		B3DC0B9B142F7CF200E0E8E0 /* IASKSettingsStoreUserDefaults.m in Sources */ = {isa = PBXBuildFile; fileRef = B3DC0B7C142F7CF200E0E8E0 /* IASKSettingsStoreUserDefaults.m */; };
		B3DC0B9C142F7CF200E0E8E0 /* IASKSpecifier.m in Sources */ = {isa = PBXBuildFile; fileRef = B3DC0B7E142F7CF200E0E8E0 /* IASKSpecifier.m */; };
		B3DC0B9D142F7CF200E0E8E0 /* IASKPSSliderSpecifierViewCell.m in Sources */ = {isa = PBXBuildFile; fileRef = B3DC0B81142F7CF200E0E8E0 /* IASKPSSliderSpecifierViewCell.m */; };
		B3DC0B9E142F7CF200E0E8E0 /* IASKPSTextFieldSpecifierViewCell.m in Sources */ = {isa = PBXBuildFile; fileRef = B3DC0B83142F7CF200E0E8E0 /* IASKPSTextFieldSpecifierViewCell.m */; };
		B3DC0B9F142F7CF200E0E8E0 /* IASKPSTitleValueSpecifierViewCell.m in Sources */ = {isa = PBXBuildFile; fileRef = B3DC0B85142F7CF200E0E8E0 /* IASKPSTitleValueSpecifierViewCell.m */; };
		B3DC0BA0142F7CF200E0E8E0 /* IASKPSToggleSwitchSpecifierViewCell.m in Sources */ = {isa = PBXBuildFile; fileRef = B3DC0B87142F7CF200E0E8E0 /* IASKPSToggleSwitchSpecifierViewCell.m */; };
		B3DC0BA1142F7CF200E0E8E0 /* IASKSlider.m in Sources */ = {isa = PBXBuildFile; fileRef = B3DC0B89142F7CF200E0E8E0 /* IASKSlider.m */; };
		B3DC0BA2142F7CF200E0E8E0 /* IASKSwitch.m in Sources */ = {isa = PBXBuildFile; fileRef = B3DC0B8B142F7CF200E0E8E0 /* IASKSwitch.m */; };
		B3DC0BA3142F7CF200E0E8E0 /* IASKTextField.m in Sources */ = {isa = PBXBuildFile; fileRef = B3DC0B8D142F7CF200E0E8E0 /* IASKTextField.m */; };
		B3DC0BA4142F7CF200E0E8E0 /* IASKAppSettingsView.xib in Resources */ = {isa = PBXBuildFile; fileRef = B3DC0B8F142F7CF200E0E8E0 /* IASKAppSettingsView.xib */; };
		B3DC0BA5142F7CF200E0E8E0 /* IASKAppSettingsWebView.xib in Resources */ = {isa = PBXBuildFile; fileRef = B3DC0B90142F7CF200E0E8E0 /* IASKAppSettingsWebView.xib */; };
		B3DC0BA6142F7CF200E0E8E0 /* IASKPSSliderSpecifierViewCell.xib in Resources */ = {isa = PBXBuildFile; fileRef = B3DC0B91142F7CF200E0E8E0 /* IASKPSSliderSpecifierViewCell.xib */; };
		B3DC0BA7142F7CF200E0E8E0 /* IASKPSTextFieldSpecifierViewCell.xib in Resources */ = {isa = PBXBuildFile; fileRef = B3DC0B92142F7CF200E0E8E0 /* IASKPSTextFieldSpecifierViewCell.xib */; };
		B3DC0BA8142F7CF200E0E8E0 /* IASKPSToggleSwitchSpecifierViewCell.xib in Resources */ = {isa = PBXBuildFile; fileRef = B3DC0B93142F7CF200E0E8E0 /* IASKPSToggleSwitchSpecifierViewCell.xib */; };
		B3DC0BA9142F7CF200E0E8E0 /* IASKSpecifierValuesView.xib in Resources */ = {isa = PBXBuildFile; fileRef = B3DC0B94142F7CF200E0E8E0 /* IASKSpecifierValuesView.xib */; };
		B3DC0BB1142F82E300E0E8E0 /* MessageUI.framework in Frameworks */ = {isa = PBXBuildFile; fileRef = B3DC0BB0142F82E300E0E8E0 /* MessageUI.framework */; };
		B3DC0BBB142F854A00E0E8E0 /* CinemaMapAnnotation.m in Sources */ = {isa = PBXBuildFile; fileRef = B3DC0BB8142F854A00E0E8E0 /* CinemaMapAnnotation.m */; };
		B3DC0BBC142F854A00E0E8E0 /* SettingsViewController.m in Sources */ = {isa = PBXBuildFile; fileRef = B3DC0BBA142F854A00E0E8E0 /* SettingsViewController.m */; };
		B3DC0BC0142F8EA100E0E8E0 /* SettingsViewController.xib in Resources */ = {isa = PBXBuildFile; fileRef = B3DC0BBF142F8EA100E0E8E0 /* SettingsViewController.xib */; };
		B3DC0BC7142F940100E0E8E0 /* Settings.bundle in Resources */ = {isa = PBXBuildFile; fileRef = B3DC0BC5142F940100E0E8E0 /* Settings.bundle */; };
		B3DC0BCC142F946800E0E8E0 /* Settings.bundle in Resources */ = {isa = PBXBuildFile; fileRef = B3DC0BCB142F946800E0E8E0 /* Settings.bundle */; };
		B3DC2E5F141CB3F100E1FDB0 /* NSStringUtil.m in Sources */ = {isa = PBXBuildFile; fileRef = B3DC2E5E141CB3F100E1FDB0 /* NSStringUtil.m */; };
		B3DFD6761434829B00BE123A /* noimage.png in Resources */ = {isa = PBXBuildFile; fileRef = B3DFD6751434829B00BE123A /* noimage.png */; };
		B3E4074D142E0A5100E0050E /* MovieViewController.m in Sources */ = {isa = PBXBuildFile; fileRef = B3E4074B142E0A5100E0050E /* MovieViewController.m */; };
		B3E40751142E0A8000E0050E /* MovieViewController.xib in Resources */ = {isa = PBXBuildFile; fileRef = B3E40750142E0A8000E0050E /* MovieViewController.xib */; };
		B3E4E457142690CD000CD12A /* ImageLoadingOperation.m in Sources */ = {isa = PBXBuildFile; fileRef = B3E4E456142690CD000CD12A /* ImageLoadingOperation.m */; };
		B3EFCEB4142F96BD00D1260F /* Root.strings in Resources */ = {isa = PBXBuildFile; fileRef = B3EFCEB2142F96BD00D1260F /* Root.strings */; };
		B3FB21351449B1A3005E7470 /* libz.dylib in Frameworks */ = {isa = PBXBuildFile; fileRef = B3FB21341449B1A3005E7470 /* libz.dylib */; };
/* End PBXBuildFile section */

/* Begin PBXContainerItemProxy section */
		B391356A1412A75B0053C84B /* PBXContainerItemProxy */ = {
			isa = PBXContainerItemProxy;
			containerPortal = B39135371412A75A0053C84B /* Project object */;
			proxyType = 1;
			remoteGlobalIDString = B391353F1412A75A0053C84B;
			remoteInfo = Popcornua;
		};
/* End PBXContainerItemProxy section */

/* Begin PBXFileReference section */
		B31823DC1423E662008D62B6 /* MBProgressHUD.h */ = {isa = PBXFileReference; fileEncoding = 4; lastKnownFileType = sourcecode.c.h; name = MBProgressHUD.h; path = Classes/Libs/MBProgressHUD/MBProgressHUD.h; sourceTree = "<group>"; };
		B31823DD1423E662008D62B6 /* MBProgressHUD.m */ = {isa = PBXFileReference; fileEncoding = 4; lastKnownFileType = sourcecode.c.objc; name = MBProgressHUD.m; path = Classes/Libs/MBProgressHUD/MBProgressHUD.m; sourceTree = "<group>"; };
		B337BE9714252FB9002BAB4B /* map_icon.png */ = {isa = PBXFileReference; lastKnownFileType = image.png; path = map_icon.png; sourceTree = "<group>"; };
		B337BE9914252FEC002BAB4B /* settings_icon.png */ = {isa = PBXFileReference; lastKnownFileType = image.png; path = settings_icon.png; sourceTree = "<group>"; };
		B337BEA1142540E6002BAB4B /* MovieCell.h */ = {isa = PBXFileReference; fileEncoding = 4; lastKnownFileType = sourcecode.c.h; name = MovieCell.h; path = Classes/Cells/MovieCell.h; sourceTree = "<group>"; };
		B337BEA2142540E6002BAB4B /* MovieCell.m */ = {isa = PBXFileReference; fileEncoding = 4; lastKnownFileType = sourcecode.c.objc; name = MovieCell.m; path = Classes/Cells/MovieCell.m; sourceTree = "<group>"; };
		B337BEA3142540E6002BAB4B /* MovieCell.xib */ = {isa = PBXFileReference; fileEncoding = 4; lastKnownFileType = file.xib; name = MovieCell.xib; path = Classes/Cells/MovieCell.xib; sourceTree = "<group>"; };
		B351B2321424DDD800BDA78B /* CinemasMapController.h */ = {isa = PBXFileReference; fileEncoding = 4; lastKnownFileType = sourcecode.c.h; name = CinemasMapController.h; path = Classes/CinemasMapController.h; sourceTree = "<group>"; };
		B351B2331424DDD800BDA78B /* CinemasMapController.m */ = {isa = PBXFileReference; fileEncoding = 4; lastKnownFileType = sourcecode.c.objc; name = CinemasMapController.m; path = Classes/CinemasMapController.m; sourceTree = "<group>"; };
		B351B2381424DE0300BDA78B /* CinemasMapController.xib */ = {isa = PBXFileReference; fileEncoding = 4; lastKnownFileType = file.xib; name = CinemasMapController.xib; path = VIews/CinemasMapController.xib; sourceTree = "<group>"; };
		B351B2421424E1F600BDA78B /* MapKit.framework */ = {isa = PBXFileReference; lastKnownFileType = wrapper.framework; name = MapKit.framework; path = System/Library/Frameworks/MapKit.framework; sourceTree = SDKROOT; };
		B351B2481424E3FB00BDA78B /* CoreLocation.framework */ = {isa = PBXFileReference; lastKnownFileType = wrapper.framework; name = CoreLocation.framework; path = System/Library/Frameworks/CoreLocation.framework; sourceTree = SDKROOT; };
		B3817EDE14223AB000576C22 /* Coordinate.h */ = {isa = PBXFileReference; fileEncoding = 4; lastKnownFileType = sourcecode.c.h; name = Coordinate.h; path = Classes/Objects/Coordinate.h; sourceTree = "<group>"; };
		B3817EDF14223AB000576C22 /* Coordinate.m */ = {isa = PBXFileReference; fileEncoding = 4; lastKnownFileType = sourcecode.c.objc; name = Coordinate.m; path = Classes/Objects/Coordinate.m; sourceTree = "<group>"; };
		B382A8B31427984600FCE8AB /* CinemaViewController.h */ = {isa = PBXFileReference; fileEncoding = 4; lastKnownFileType = sourcecode.c.h; name = CinemaViewController.h; path = Classes/CinemaViewController.h; sourceTree = "<group>"; };
		B382A8B41427984600FCE8AB /* CinemaViewController.m */ = {isa = PBXFileReference; fileEncoding = 4; lastKnownFileType = sourcecode.c.objc; name = CinemaViewController.m; path = Classes/CinemaViewController.m; sourceTree = "<group>"; };
		B382A8B91427987200FCE8AB /* CinemaViewController.xib */ = {isa = PBXFileReference; fileEncoding = 4; lastKnownFileType = file.xib; name = CinemaViewController.xib; path = VIews/CinemaViewController.xib; sourceTree = "<group>"; };
		B386837F143B8320000340D7 /* GANTracker.h */ = {isa = PBXFileReference; fileEncoding = 4; lastKnownFileType = sourcecode.c.h; path = GANTracker.h; sourceTree = "<group>"; };
		B3868380143B8320000340D7 /* libGoogleAnalytics.a */ = {isa = PBXFileReference; lastKnownFileType = archive.ar; path = libGoogleAnalytics.a; sourceTree = "<group>"; };
		B3868381143B8320000340D7 /* libGoogleAnalytics_NoThumb.a */ = {isa = PBXFileReference; lastKnownFileType = archive.ar; path = libGoogleAnalytics_NoThumb.a; sourceTree = "<group>"; };
		B39135401412A75A0053C84B /* Popcornua.app */ = {isa = PBXFileReference; explicitFileType = wrapper.application; includeInIndex = 0; path = Popcornua.app; sourceTree = BUILT_PRODUCTS_DIR; };
		B39135441412A75A0053C84B /* UIKit.framework */ = {isa = PBXFileReference; lastKnownFileType = wrapper.framework; name = UIKit.framework; path = System/Library/Frameworks/UIKit.framework; sourceTree = SDKROOT; };
		B39135461412A75A0053C84B /* Foundation.framework */ = {isa = PBXFileReference; lastKnownFileType = wrapper.framework; name = Foundation.framework; path = System/Library/Frameworks/Foundation.framework; sourceTree = SDKROOT; };
		B39135481412A75A0053C84B /* CoreGraphics.framework */ = {isa = PBXFileReference; lastKnownFileType = wrapper.framework; name = CoreGraphics.framework; path = System/Library/Frameworks/CoreGraphics.framework; sourceTree = SDKROOT; };
		B391354A1412A75A0053C84B /* CoreData.framework */ = {isa = PBXFileReference; lastKnownFileType = wrapper.framework; name = CoreData.framework; path = System/Library/Frameworks/CoreData.framework; sourceTree = SDKROOT; };
		B391354E1412A75A0053C84B /* Popcornua-Info.plist */ = {isa = PBXFileReference; lastKnownFileType = text.plist.xml; path = "Popcornua-Info.plist"; sourceTree = "<group>"; };
		B39135501412A75A0053C84B /* en */ = {isa = PBXFileReference; lastKnownFileType = text.plist.strings; name = en; path = en.lproj/InfoPlist.strings; sourceTree = "<group>"; };
		B39135521412A75A0053C84B /* main.m */ = {isa = PBXFileReference; lastKnownFileType = sourcecode.c.objc; path = main.m; sourceTree = "<group>"; };
		B39135541412A75A0053C84B /* Popcornua-Prefix.pch */ = {isa = PBXFileReference; lastKnownFileType = sourcecode.c.h; path = "Popcornua-Prefix.pch"; sourceTree = "<group>"; };
		B391355C1412A75B0053C84B /* Popcornua.xcdatamodel */ = {isa = PBXFileReference; lastKnownFileType = wrapper.xcdatamodel; path = Popcornua.xcdatamodel; sourceTree = "<group>"; };
		B39135631412A75B0053C84B /* PopcornuaTests.octest */ = {isa = PBXFileReference; explicitFileType = wrapper.cfbundle; includeInIndex = 0; path = PopcornuaTests.octest; sourceTree = BUILT_PRODUCTS_DIR; };
		B39135641412A75B0053C84B /* SenTestingKit.framework */ = {isa = PBXFileReference; lastKnownFileType = wrapper.framework; name = SenTestingKit.framework; path = Library/Frameworks/SenTestingKit.framework; sourceTree = DEVELOPER_DIR; };
		B391356E1412A75B0053C84B /* PopcornuaTests-Info.plist */ = {isa = PBXFileReference; lastKnownFileType = text.plist.xml; path = "PopcornuaTests-Info.plist"; sourceTree = "<group>"; };
		B39135701412A75B0053C84B /* en */ = {isa = PBXFileReference; lastKnownFileType = text.plist.strings; name = en; path = en.lproj/InfoPlist.strings; sourceTree = "<group>"; };
		B39135721412A75B0053C84B /* PopcornuaTests.h */ = {isa = PBXFileReference; lastKnownFileType = sourcecode.c.h; path = PopcornuaTests.h; sourceTree = "<group>"; };
		B39135741412A75B0053C84B /* PopcornuaTests.m */ = {isa = PBXFileReference; lastKnownFileType = sourcecode.c.objc; path = PopcornuaTests.m; sourceTree = "<group>"; };
		B39135871412B09A0053C84B /* icon.png */ = {isa = PBXFileReference; lastKnownFileType = image.png; path = icon.png; sourceTree = "<group>"; };
		B39135881412B09A0053C84B /* icon@2x.png */ = {isa = PBXFileReference; lastKnownFileType = image.png; path = "icon@2x.png"; sourceTree = "<group>"; };
		B391358A1412B09A0053C84B /* Default.png */ = {isa = PBXFileReference; lastKnownFileType = image.png; path = Default.png; sourceTree = "<group>"; };
		B391358B1412B09A0053C84B /* Default@2x.png */ = {isa = PBXFileReference; lastKnownFileType = image.png; path = "Default@2x.png"; sourceTree = "<group>"; };
		B39135CA1412D20B0053C84B /* CinemasViewController.h */ = {isa = PBXFileReference; fileEncoding = 4; lastKnownFileType = sourcecode.c.h; name = CinemasViewController.h; path = Classes/CinemasViewController.h; sourceTree = "<group>"; };
		B39135CB1412D20B0053C84B /* CinemasViewController.m */ = {isa = PBXFileReference; fileEncoding = 4; lastKnownFileType = sourcecode.c.objc; name = CinemasViewController.m; path = Classes/CinemasViewController.m; sourceTree = "<group>"; };
		B39135CC1412D20B0053C84B /* MoviesViewController.h */ = {isa = PBXFileReference; fileEncoding = 4; lastKnownFileType = sourcecode.c.h; name = MoviesViewController.h; path = Classes/MoviesViewController.h; sourceTree = "<group>"; };
		B39135CD1412D20B0053C84B /* MoviesViewController.m */ = {isa = PBXFileReference; fileEncoding = 4; lastKnownFileType = sourcecode.c.objc; name = MoviesViewController.m; path = Classes/MoviesViewController.m; sourceTree = "<group>"; };
		B39135CE1412D20B0053C84B /* PopcornuaAppDelegate.h */ = {isa = PBXFileReference; fileEncoding = 4; lastKnownFileType = sourcecode.c.h; name = PopcornuaAppDelegate.h; path = Classes/PopcornuaAppDelegate.h; sourceTree = "<group>"; };
		B39135CF1412D20B0053C84B /* PopcornuaAppDelegate.m */ = {isa = PBXFileReference; fileEncoding = 4; lastKnownFileType = sourcecode.c.objc; name = PopcornuaAppDelegate.m; path = Classes/PopcornuaAppDelegate.m; sourceTree = "<group>"; };
		B39135D31412D21A0053C84B /* CinemasViewController.xib */ = {isa = PBXFileReference; fileEncoding = 4; lastKnownFileType = file.xib; name = CinemasViewController.xib; path = VIews/CinemasViewController.xib; sourceTree = "<group>"; };
		B39135D41412D21A0053C84B /* MainWindow.xib */ = {isa = PBXFileReference; fileEncoding = 4; lastKnownFileType = file.xib; name = MainWindow.xib; path = VIews/MainWindow.xib; sourceTree = "<group>"; };
		B39135D51412D21A0053C84B /* MoviesViewController.xib */ = {isa = PBXFileReference; fileEncoding = 4; lastKnownFileType = file.xib; name = MoviesViewController.xib; path = VIews/MoviesViewController.xib; sourceTree = "<group>"; };
		B39135E81412D5100053C84B /* en */ = {isa = PBXFileReference; lastKnownFileType = text.plist.strings; name = en; path = InfoPlist.strings; sourceTree = "<group>"; };
		B39135EB1412D57B0053C84B /* en */ = {isa = PBXFileReference; lastKnownFileType = text.plist.strings; name = en; path = Resources/en.lproj/Localizable.strings; sourceTree = "<group>"; };
		B39135ED1412D5840053C84B /* ru */ = {isa = PBXFileReference; lastKnownFileType = text.plist.strings; name = ru; path = Resources/ru.lproj/Localizable.strings; sourceTree = "<group>"; };
		B39FE29B144A1B2800BEB249 /* libsqlite3.0.dylib */ = {isa = PBXFileReference; lastKnownFileType = "compiled.mach-o.dylib"; name = libsqlite3.0.dylib; path = usr/lib/libsqlite3.0.dylib; sourceTree = SDKROOT; };
		B3A319D414139879004DCCBE /* MainNavController.h */ = {isa = PBXFileReference; fileEncoding = 4; lastKnownFileType = sourcecode.c.h; name = MainNavController.h; path = Classes/MainNavController.h; sourceTree = "<group>"; };
		B3A319D514139879004DCCBE /* MainNavController.m */ = {isa = PBXFileReference; fileEncoding = 4; lastKnownFileType = sourcecode.c.objc; name = MainNavController.m; path = Classes/MainNavController.m; sourceTree = "<group>"; };
		B3A319E51413A450004DCCBE /* Afisha.h */ = {isa = PBXFileReference; fileEncoding = 4; lastKnownFileType = sourcecode.c.h; name = Afisha.h; path = Classes/Objects/Afisha.h; sourceTree = "<group>"; };
		B3A319E61413A450004DCCBE /* Afisha.m */ = {isa = PBXFileReference; fileEncoding = 4; lastKnownFileType = sourcecode.c.objc; name = Afisha.m; path = Classes/Objects/Afisha.m; sourceTree = "<group>"; };
		B3A319E81413A46A004DCCBE /* Movie.h */ = {isa = PBXFileReference; fileEncoding = 4; lastKnownFileType = sourcecode.c.h; name = Movie.h; path = Classes/Objects/Movie.h; sourceTree = "<group>"; };
		B3A319E91413A46A004DCCBE /* Movie.m */ = {isa = PBXFileReference; fileEncoding = 4; lastKnownFileType = sourcecode.c.objc; name = Movie.m; path = Classes/Objects/Movie.m; sourceTree = "<group>"; };
		B3A319EB1413A46A004DCCBE /* Cinema.h */ = {isa = PBXFileReference; fileEncoding = 4; lastKnownFileType = sourcecode.c.h; name = Cinema.h; path = Classes/Objects/Cinema.h; sourceTree = "<group>"; };
		B3A319EC1413A46A004DCCBE /* Cinema.m */ = {isa = PBXFileReference; fileEncoding = 4; lastKnownFileType = sourcecode.c.objc; name = Cinema.m; path = Classes/Objects/Cinema.m; sourceTree = "<group>"; };
		B3B321E1142E82D1004E6C68 /* AfishaViewController.h */ = {isa = PBXFileReference; fileEncoding = 4; lastKnownFileType = sourcecode.c.h; name = AfishaViewController.h; path = Classes/AfishaViewController.h; sourceTree = "<group>"; };
		B3B321E2142E82D1004E6C68 /* AfishaViewController.m */ = {isa = PBXFileReference; fileEncoding = 4; lastKnownFileType = sourcecode.c.objc; name = AfishaViewController.m; path = Classes/AfishaViewController.m; sourceTree = "<group>"; };
		B3B321E7142E8313004E6C68 /* AfishaViewController.xib */ = {isa = PBXFileReference; fileEncoding = 4; lastKnownFileType = file.xib; name = AfishaViewController.xib; path = VIews/AfishaViewController.xib; sourceTree = "<group>"; };
		B3B89CC0141C189C00CCC495 /* PCUDataController.h */ = {isa = PBXFileReference; fileEncoding = 4; lastKnownFileType = sourcecode.c.h; name = PCUDataController.h; path = Classes/Data/PCUDataController.h; sourceTree = "<group>"; };
		B3B89CC1141C189C00CCC495 /* PCUDataController.m */ = {isa = PBXFileReference; fileEncoding = 4; lastKnownFileType = sourcecode.c.objc; name = PCUDataController.m; path = Classes/Data/PCUDataController.m; sourceTree = "<group>"; };
		B3B89CC5141C19A000CCC495 /* ASIAuthenticationDialog.h */ = {isa = PBXFileReference; fileEncoding = 4; lastKnownFileType = sourcecode.c.h; path = ASIAuthenticationDialog.h; sourceTree = "<group>"; };
		B3B89CC6141C19A000CCC495 /* ASIAuthenticationDialog.m */ = {isa = PBXFileReference; fileEncoding = 4; lastKnownFileType = sourcecode.c.objc; path = ASIAuthenticationDialog.m; sourceTree = "<group>"; };
		B3B89CC7141C19A000CCC495 /* ASICacheDelegate.h */ = {isa = PBXFileReference; fileEncoding = 4; lastKnownFileType = sourcecode.c.h; path = ASICacheDelegate.h; sourceTree = "<group>"; };
		B3B89CC8141C19A000CCC495 /* ASIDataCompressor.h */ = {isa = PBXFileReference; fileEncoding = 4; lastKnownFileType = sourcecode.c.h; path = ASIDataCompressor.h; sourceTree = "<group>"; };
		B3B89CC9141C19A000CCC495 /* ASIDataCompressor.m */ = {isa = PBXFileReference; fileEncoding = 4; lastKnownFileType = sourcecode.c.objc; path = ASIDataCompressor.m; sourceTree = "<group>"; };
		B3B89CCA141C19A000CCC495 /* ASIDataDecompressor.h */ = {isa = PBXFileReference; fileEncoding = 4; lastKnownFileType = sourcecode.c.h; path = ASIDataDecompressor.h; sourceTree = "<group>"; };
		B3B89CCB141C19A000CCC495 /* ASIDataDecompressor.m */ = {isa = PBXFileReference; fileEncoding = 4; lastKnownFileType = sourcecode.c.objc; path = ASIDataDecompressor.m; sourceTree = "<group>"; };
		B3B89CCC141C19A000CCC495 /* ASIDownloadCache.h */ = {isa = PBXFileReference; fileEncoding = 4; lastKnownFileType = sourcecode.c.h; path = ASIDownloadCache.h; sourceTree = "<group>"; };
		B3B89CCD141C19A000CCC495 /* ASIDownloadCache.m */ = {isa = PBXFileReference; fileEncoding = 4; lastKnownFileType = sourcecode.c.objc; path = ASIDownloadCache.m; sourceTree = "<group>"; };
		B3B89CCE141C19A000CCC495 /* ASIFormDataRequest.h */ = {isa = PBXFileReference; fileEncoding = 4; lastKnownFileType = sourcecode.c.h; path = ASIFormDataRequest.h; sourceTree = "<group>"; };
		B3B89CCF141C19A000CCC495 /* ASIFormDataRequest.m */ = {isa = PBXFileReference; fileEncoding = 4; lastKnownFileType = sourcecode.c.objc; path = ASIFormDataRequest.m; sourceTree = "<group>"; };
		B3B89CD0141C19A000CCC495 /* ASIHTTPRequest.h */ = {isa = PBXFileReference; fileEncoding = 4; lastKnownFileType = sourcecode.c.h; path = ASIHTTPRequest.h; sourceTree = "<group>"; };
		B3B89CD1141C19A000CCC495 /* ASIHTTPRequest.m */ = {isa = PBXFileReference; fileEncoding = 4; lastKnownFileType = sourcecode.c.objc; path = ASIHTTPRequest.m; sourceTree = "<group>"; };
		B3B89CD2141C19A000CCC495 /* ASIHTTPRequestConfig.h */ = {isa = PBXFileReference; fileEncoding = 4; lastKnownFileType = sourcecode.c.h; path = ASIHTTPRequestConfig.h; sourceTree = "<group>"; };
		B3B89CD3141C19A000CCC495 /* ASIHTTPRequestDelegate.h */ = {isa = PBXFileReference; fileEncoding = 4; lastKnownFileType = sourcecode.c.h; path = ASIHTTPRequestDelegate.h; sourceTree = "<group>"; };
		B3B89CD4141C19A000CCC495 /* ASIInputStream.h */ = {isa = PBXFileReference; fileEncoding = 4; lastKnownFileType = sourcecode.c.h; path = ASIInputStream.h; sourceTree = "<group>"; };
		B3B89CD5141C19A000CCC495 /* ASIInputStream.m */ = {isa = PBXFileReference; fileEncoding = 4; lastKnownFileType = sourcecode.c.objc; path = ASIInputStream.m; sourceTree = "<group>"; };
		B3B89CD6141C19A000CCC495 /* ASINetworkQueue.h */ = {isa = PBXFileReference; fileEncoding = 4; lastKnownFileType = sourcecode.c.h; path = ASINetworkQueue.h; sourceTree = "<group>"; };
		B3B89CD7141C19A000CCC495 /* ASINetworkQueue.m */ = {isa = PBXFileReference; fileEncoding = 4; lastKnownFileType = sourcecode.c.objc; path = ASINetworkQueue.m; sourceTree = "<group>"; };
		B3B89CD8141C19A000CCC495 /* ASIProgressDelegate.h */ = {isa = PBXFileReference; fileEncoding = 4; lastKnownFileType = sourcecode.c.h; path = ASIProgressDelegate.h; sourceTree = "<group>"; };
		B3B89CE9141C1ADF00CCC495 /* CFNetwork.framework */ = {isa = PBXFileReference; lastKnownFileType = wrapper.framework; name = CFNetwork.framework; path = System/Library/Frameworks/CFNetwork.framework; sourceTree = SDKROOT; };
		B3B89CEB141C1AED00CCC495 /* SystemConfiguration.framework */ = {isa = PBXFileReference; lastKnownFileType = wrapper.framework; name = SystemConfiguration.framework; path = System/Library/Frameworks/SystemConfiguration.framework; sourceTree = SDKROOT; };
		B3B89CED141C1AF700CCC495 /* MobileCoreServices.framework */ = {isa = PBXFileReference; lastKnownFileType = wrapper.framework; name = MobileCoreServices.framework; path = System/Library/Frameworks/MobileCoreServices.framework; sourceTree = SDKROOT; };
		B3B89CF1141C1C0700CCC495 /* Reachability.h */ = {isa = PBXFileReference; fileEncoding = 4; lastKnownFileType = sourcecode.c.h; path = Reachability.h; sourceTree = "<group>"; };
		B3B89CF2141C1C0700CCC495 /* Reachability.m */ = {isa = PBXFileReference; fileEncoding = 4; lastKnownFileType = sourcecode.c.objc; path = Reachability.m; sourceTree = "<group>"; };
		B3B89CFD141C245100CCC495 /* cinemas_icon.png */ = {isa = PBXFileReference; lastKnownFileType = image.png; path = cinemas_icon.png; sourceTree = "<group>"; };
		B3B89CFE141C245100CCC495 /* movies_icon.png */ = {isa = PBXFileReference; lastKnownFileType = image.png; path = movies_icon.png; sourceTree = "<group>"; };
		B3B89D02141C2E5400CCC495 /* JSON.h */ = {isa = PBXFileReference; fileEncoding = 4; lastKnownFileType = sourcecode.c.h; path = JSON.h; sourceTree = "<group>"; };
		B3B89D03141C2E5400CCC495 /* NSObject+SBJSON.h */ = {isa = PBXFileReference; fileEncoding = 4; lastKnownFileType = sourcecode.c.h; path = "NSObject+SBJSON.h"; sourceTree = "<group>"; };
		B3B89D04141C2E5400CCC495 /* NSObject+SBJSON.m */ = {isa = PBXFileReference; fileEncoding = 4; lastKnownFileType = sourcecode.c.objc; path = "NSObject+SBJSON.m"; sourceTree = "<group>"; };
		B3B89D05141C2E5400CCC495 /* NSString+SBJSON.h */ = {isa = PBXFileReference; fileEncoding = 4; lastKnownFileType = sourcecode.c.h; path = "NSString+SBJSON.h"; sourceTree = "<group>"; };
		B3B89D06141C2E5400CCC495 /* NSString+SBJSON.m */ = {isa = PBXFileReference; fileEncoding = 4; lastKnownFileType = sourcecode.c.objc; path = "NSString+SBJSON.m"; sourceTree = "<group>"; };
		B3B89D07141C2E5400CCC495 /* SBJSON.h */ = {isa = PBXFileReference; fileEncoding = 4; lastKnownFileType = sourcecode.c.h; path = SBJSON.h; sourceTree = "<group>"; };
		B3B89D08141C2E5400CCC495 /* SBJSON.m */ = {isa = PBXFileReference; fileEncoding = 4; lastKnownFileType = sourcecode.c.objc; path = SBJSON.m; sourceTree = "<group>"; };
		B3DC0B6E142F7CF200E0E8E0 /* IASKAppSettingsViewController.h */ = {isa = PBXFileReference; fileEncoding = 4; lastKnownFileType = sourcecode.c.h; path = IASKAppSettingsViewController.h; sourceTree = "<group>"; };
		B3DC0B6F142F7CF200E0E8E0 /* IASKAppSettingsViewController.m */ = {isa = PBXFileReference; fileEncoding = 4; lastKnownFileType = sourcecode.c.objc; path = IASKAppSettingsViewController.m; sourceTree = "<group>"; };
		B3DC0B70142F7CF200E0E8E0 /* IASKAppSettingsWebViewController.h */ = {isa = PBXFileReference; fileEncoding = 4; lastKnownFileType = sourcecode.c.h; path = IASKAppSettingsWebViewController.h; sourceTree = "<group>"; };
		B3DC0B71142F7CF200E0E8E0 /* IASKAppSettingsWebViewController.m */ = {isa = PBXFileReference; fileEncoding = 4; lastKnownFileType = sourcecode.c.objc; path = IASKAppSettingsWebViewController.m; sourceTree = "<group>"; };
		B3DC0B72142F7CF200E0E8E0 /* IASKSpecifierValuesViewController.h */ = {isa = PBXFileReference; fileEncoding = 4; lastKnownFileType = sourcecode.c.h; path = IASKSpecifierValuesViewController.h; sourceTree = "<group>"; };
		B3DC0B73142F7CF200E0E8E0 /* IASKSpecifierValuesViewController.m */ = {isa = PBXFileReference; fileEncoding = 4; lastKnownFileType = sourcecode.c.objc; path = IASKSpecifierValuesViewController.m; sourceTree = "<group>"; };
		B3DC0B75142F7CF200E0E8E0 /* IASKSettingsReader.h */ = {isa = PBXFileReference; fileEncoding = 4; lastKnownFileType = sourcecode.c.h; path = IASKSettingsReader.h; sourceTree = "<group>"; };
		B3DC0B76142F7CF200E0E8E0 /* IASKSettingsReader.m */ = {isa = PBXFileReference; fileEncoding = 4; lastKnownFileType = sourcecode.c.objc; path = IASKSettingsReader.m; sourceTree = "<group>"; };
		B3DC0B77142F7CF200E0E8E0 /* IASKSettingsStore.h */ = {isa = PBXFileReference; fileEncoding = 4; lastKnownFileType = sourcecode.c.h; path = IASKSettingsStore.h; sourceTree = "<group>"; };
		B3DC0B78142F7CF200E0E8E0 /* IASKSettingsStore.m */ = {isa = PBXFileReference; fileEncoding = 4; lastKnownFileType = sourcecode.c.objc; path = IASKSettingsStore.m; sourceTree = "<group>"; };
		B3DC0B79142F7CF200E0E8E0 /* IASKSettingsStoreFile.h */ = {isa = PBXFileReference; fileEncoding = 4; lastKnownFileType = sourcecode.c.h; path = IASKSettingsStoreFile.h; sourceTree = "<group>"; };
		B3DC0B7A142F7CF200E0E8E0 /* IASKSettingsStoreFile.m */ = {isa = PBXFileReference; fileEncoding = 4; lastKnownFileType = sourcecode.c.objc; path = IASKSettingsStoreFile.m; sourceTree = "<group>"; };
		B3DC0B7B142F7CF200E0E8E0 /* IASKSettingsStoreUserDefaults.h */ = {isa = PBXFileReference; fileEncoding = 4; lastKnownFileType = sourcecode.c.h; path = IASKSettingsStoreUserDefaults.h; sourceTree = "<group>"; };
		B3DC0B7C142F7CF200E0E8E0 /* IASKSettingsStoreUserDefaults.m */ = {isa = PBXFileReference; fileEncoding = 4; lastKnownFileType = sourcecode.c.objc; path = IASKSettingsStoreUserDefaults.m; sourceTree = "<group>"; };
		B3DC0B7D142F7CF200E0E8E0 /* IASKSpecifier.h */ = {isa = PBXFileReference; fileEncoding = 4; lastKnownFileType = sourcecode.c.h; path = IASKSpecifier.h; sourceTree = "<group>"; };
		B3DC0B7E142F7CF200E0E8E0 /* IASKSpecifier.m */ = {isa = PBXFileReference; fileEncoding = 4; lastKnownFileType = sourcecode.c.objc; path = IASKSpecifier.m; sourceTree = "<group>"; };
		B3DC0B80142F7CF200E0E8E0 /* IASKPSSliderSpecifierViewCell.h */ = {isa = PBXFileReference; fileEncoding = 4; lastKnownFileType = sourcecode.c.h; path = IASKPSSliderSpecifierViewCell.h; sourceTree = "<group>"; };
		B3DC0B81142F7CF200E0E8E0 /* IASKPSSliderSpecifierViewCell.m */ = {isa = PBXFileReference; fileEncoding = 4; lastKnownFileType = sourcecode.c.objc; path = IASKPSSliderSpecifierViewCell.m; sourceTree = "<group>"; };
		B3DC0B82142F7CF200E0E8E0 /* IASKPSTextFieldSpecifierViewCell.h */ = {isa = PBXFileReference; fileEncoding = 4; lastKnownFileType = sourcecode.c.h; path = IASKPSTextFieldSpecifierViewCell.h; sourceTree = "<group>"; };
		B3DC0B83142F7CF200E0E8E0 /* IASKPSTextFieldSpecifierViewCell.m */ = {isa = PBXFileReference; fileEncoding = 4; lastKnownFileType = sourcecode.c.objc; path = IASKPSTextFieldSpecifierViewCell.m; sourceTree = "<group>"; };
		B3DC0B84142F7CF200E0E8E0 /* IASKPSTitleValueSpecifierViewCell.h */ = {isa = PBXFileReference; fileEncoding = 4; lastKnownFileType = sourcecode.c.h; path = IASKPSTitleValueSpecifierViewCell.h; sourceTree = "<group>"; };
		B3DC0B85142F7CF200E0E8E0 /* IASKPSTitleValueSpecifierViewCell.m */ = {isa = PBXFileReference; fileEncoding = 4; lastKnownFileType = sourcecode.c.objc; path = IASKPSTitleValueSpecifierViewCell.m; sourceTree = "<group>"; };
		B3DC0B86142F7CF200E0E8E0 /* IASKPSToggleSwitchSpecifierViewCell.h */ = {isa = PBXFileReference; fileEncoding = 4; lastKnownFileType = sourcecode.c.h; path = IASKPSToggleSwitchSpecifierViewCell.h; sourceTree = "<group>"; };
		B3DC0B87142F7CF200E0E8E0 /* IASKPSToggleSwitchSpecifierViewCell.m */ = {isa = PBXFileReference; fileEncoding = 4; lastKnownFileType = sourcecode.c.objc; path = IASKPSToggleSwitchSpecifierViewCell.m; sourceTree = "<group>"; };
		B3DC0B88142F7CF200E0E8E0 /* IASKSlider.h */ = {isa = PBXFileReference; fileEncoding = 4; lastKnownFileType = sourcecode.c.h; path = IASKSlider.h; sourceTree = "<group>"; };
		B3DC0B89142F7CF200E0E8E0 /* IASKSlider.m */ = {isa = PBXFileReference; fileEncoding = 4; lastKnownFileType = sourcecode.c.objc; path = IASKSlider.m; sourceTree = "<group>"; };
		B3DC0B8A142F7CF200E0E8E0 /* IASKSwitch.h */ = {isa = PBXFileReference; fileEncoding = 4; lastKnownFileType = sourcecode.c.h; path = IASKSwitch.h; sourceTree = "<group>"; };
		B3DC0B8B142F7CF200E0E8E0 /* IASKSwitch.m */ = {isa = PBXFileReference; fileEncoding = 4; lastKnownFileType = sourcecode.c.objc; path = IASKSwitch.m; sourceTree = "<group>"; };
		B3DC0B8C142F7CF200E0E8E0 /* IASKTextField.h */ = {isa = PBXFileReference; fileEncoding = 4; lastKnownFileType = sourcecode.c.h; path = IASKTextField.h; sourceTree = "<group>"; };
		B3DC0B8D142F7CF200E0E8E0 /* IASKTextField.m */ = {isa = PBXFileReference; fileEncoding = 4; lastKnownFileType = sourcecode.c.objc; path = IASKTextField.m; sourceTree = "<group>"; };
		B3DC0B8F142F7CF200E0E8E0 /* IASKAppSettingsView.xib */ = {isa = PBXFileReference; fileEncoding = 4; lastKnownFileType = file.xib; path = IASKAppSettingsView.xib; sourceTree = "<group>"; };
		B3DC0B90142F7CF200E0E8E0 /* IASKAppSettingsWebView.xib */ = {isa = PBXFileReference; fileEncoding = 4; lastKnownFileType = file.xib; path = IASKAppSettingsWebView.xib; sourceTree = "<group>"; };
		B3DC0B91142F7CF200E0E8E0 /* IASKPSSliderSpecifierViewCell.xib */ = {isa = PBXFileReference; fileEncoding = 4; lastKnownFileType = file.xib; path = IASKPSSliderSpecifierViewCell.xib; sourceTree = "<group>"; };
		B3DC0B92142F7CF200E0E8E0 /* IASKPSTextFieldSpecifierViewCell.xib */ = {isa = PBXFileReference; fileEncoding = 4; lastKnownFileType = file.xib; path = IASKPSTextFieldSpecifierViewCell.xib; sourceTree = "<group>"; };
		B3DC0B93142F7CF200E0E8E0 /* IASKPSToggleSwitchSpecifierViewCell.xib */ = {isa = PBXFileReference; fileEncoding = 4; lastKnownFileType = file.xib; path = IASKPSToggleSwitchSpecifierViewCell.xib; sourceTree = "<group>"; };
		B3DC0B94142F7CF200E0E8E0 /* IASKSpecifierValuesView.xib */ = {isa = PBXFileReference; fileEncoding = 4; lastKnownFileType = file.xib; path = IASKSpecifierValuesView.xib; sourceTree = "<group>"; };
		B3DC0BB0142F82E300E0E8E0 /* MessageUI.framework */ = {isa = PBXFileReference; lastKnownFileType = wrapper.framework; name = MessageUI.framework; path = System/Library/Frameworks/MessageUI.framework; sourceTree = SDKROOT; };
		B3DC0BB7142F854A00E0E8E0 /* CinemaMapAnnotation.h */ = {isa = PBXFileReference; fileEncoding = 4; lastKnownFileType = sourcecode.c.h; name = CinemaMapAnnotation.h; path = Classes/CinemaMapAnnotation.h; sourceTree = "<group>"; };
		B3DC0BB8142F854A00E0E8E0 /* CinemaMapAnnotation.m */ = {isa = PBXFileReference; fileEncoding = 4; lastKnownFileType = sourcecode.c.objc; name = CinemaMapAnnotation.m; path = Classes/CinemaMapAnnotation.m; sourceTree = "<group>"; };
		B3DC0BB9142F854A00E0E8E0 /* SettingsViewController.h */ = {isa = PBXFileReference; fileEncoding = 4; lastKnownFileType = sourcecode.c.h; name = SettingsViewController.h; path = Classes/SettingsViewController.h; sourceTree = "<group>"; };
		B3DC0BBA142F854A00E0E8E0 /* SettingsViewController.m */ = {isa = PBXFileReference; fileEncoding = 4; lastKnownFileType = sourcecode.c.objc; name = SettingsViewController.m; path = Classes/SettingsViewController.m; sourceTree = "<group>"; };
		B3DC0BBF142F8EA100E0E8E0 /* SettingsViewController.xib */ = {isa = PBXFileReference; fileEncoding = 4; lastKnownFileType = file.xib; name = SettingsViewController.xib; path = VIews/SettingsViewController.xib; sourceTree = "<group>"; };
		B3DC0BCB142F946800E0E8E0 /* Settings.bundle */ = {isa = PBXFileReference; lastKnownFileType = "wrapper.plug-in"; name = Settings.bundle; path = Resources/Settings.bundle; sourceTree = "<group>"; };
		B3DC2E5D141CB3F100E1FDB0 /* NSStringUtil.h */ = {isa = PBXFileReference; fileEncoding = 4; lastKnownFileType = sourcecode.c.h; name = NSStringUtil.h; path = Classes/Util/NSStringUtil.h; sourceTree = "<group>"; };
		B3DC2E5E141CB3F100E1FDB0 /* NSStringUtil.m */ = {isa = PBXFileReference; fileEncoding = 4; lastKnownFileType = sourcecode.c.objc; name = NSStringUtil.m; path = Classes/Util/NSStringUtil.m; sourceTree = "<group>"; };
		B3DFD6751434829B00BE123A /* noimage.png */ = {isa = PBXFileReference; lastKnownFileType = image.png; path = noimage.png; sourceTree = "<group>"; };
		B3E4074A142E0A5100E0050E /* MovieViewController.h */ = {isa = PBXFileReference; fileEncoding = 4; lastKnownFileType = sourcecode.c.h; name = MovieViewController.h; path = Classes/MovieViewController.h; sourceTree = "<group>"; };
		B3E4074B142E0A5100E0050E /* MovieViewController.m */ = {isa = PBXFileReference; fileEncoding = 4; lastKnownFileType = sourcecode.c.objc; name = MovieViewController.m; path = Classes/MovieViewController.m; sourceTree = "<group>"; };
		B3E40750142E0A8000E0050E /* MovieViewController.xib */ = {isa = PBXFileReference; fileEncoding = 4; lastKnownFileType = file.xib; name = MovieViewController.xib; path = VIews/MovieViewController.xib; sourceTree = "<group>"; };
		B3E4E455142690CD000CD12A /* ImageLoadingOperation.h */ = {isa = PBXFileReference; fileEncoding = 4; lastKnownFileType = sourcecode.c.h; name = ImageLoadingOperation.h; path = Classes/Util/ImageLoadingOperation.h; sourceTree = "<group>"; };
		B3E4E456142690CD000CD12A /* ImageLoadingOperation.m */ = {isa = PBXFileReference; fileEncoding = 4; lastKnownFileType = sourcecode.c.objc; name = ImageLoadingOperation.m; path = Classes/Util/ImageLoadingOperation.m; sourceTree = "<group>"; };
		B3FB21341449B1A3005E7470 /* libz.dylib */ = {isa = PBXFileReference; lastKnownFileType = "compiled.mach-o.dylib"; name = libz.dylib; path = usr/lib/libz.dylib; sourceTree = SDKROOT; };
/* End PBXFileReference section */

/* Begin PBXFrameworksBuildPhase section */
		B391353D1412A75A0053C84B /* Frameworks */ = {
			isa = PBXFrameworksBuildPhase;
			buildActionMask = 2147483647;
			files = (
				B39FE29C144A1B2800BEB249 /* libsqlite3.0.dylib in Frameworks */,
				B3FB21351449B1A3005E7470 /* libz.dylib in Frameworks */,
				B3DC0BB1142F82E300E0E8E0 /* MessageUI.framework in Frameworks */,
				B351B2431424E1F600BDA78B /* MapKit.framework in Frameworks */,
				B3B89CEE141C1AF700CCC495 /* MobileCoreServices.framework in Frameworks */,
				B3B89CEC141C1AED00CCC495 /* SystemConfiguration.framework in Frameworks */,
				B351B2491424E41400BDA78B /* CoreLocation.framework in Frameworks */,
				B3B89CEA141C1ADF00CCC495 /* CFNetwork.framework in Frameworks */,
				B39135451412A75A0053C84B /* UIKit.framework in Frameworks */,
				B39135471412A75A0053C84B /* Foundation.framework in Frameworks */,
				B39135491412A75A0053C84B /* CoreGraphics.framework in Frameworks */,
				B391354B1412A75A0053C84B /* CoreData.framework in Frameworks */,
				B3868382143B8320000340D7 /* libGoogleAnalytics.a in Frameworks */,
				B3868383143B8320000340D7 /* libGoogleAnalytics_NoThumb.a in Frameworks */,
			);
			runOnlyForDeploymentPostprocessing = 0;
		};
		B391355F1412A75B0053C84B /* Frameworks */ = {
			isa = PBXFrameworksBuildPhase;
			buildActionMask = 2147483647;
			files = (
				B39135651412A75B0053C84B /* SenTestingKit.framework in Frameworks */,
				B39135661412A75B0053C84B /* UIKit.framework in Frameworks */,
				B39135671412A75B0053C84B /* Foundation.framework in Frameworks */,
				B39135681412A75B0053C84B /* CoreGraphics.framework in Frameworks */,
				B39135691412A75B0053C84B /* CoreData.framework in Frameworks */,
			);
			runOnlyForDeploymentPostprocessing = 0;
		};
/* End PBXFrameworksBuildPhase section */

/* Begin PBXGroup section */
		B31823D51423E582008D62B6 /* MBProgressHUD */ = {
			isa = PBXGroup;
			children = (
				B31823DC1423E662008D62B6 /* MBProgressHUD.h */,
				B31823DD1423E662008D62B6 /* MBProgressHUD.m */,
			);
			name = MBProgressHUD;
			path = ../..;
			sourceTree = "<group>";
		};
		B337BE9F1425408A002BAB4B /* Cells */ = {
			isa = PBXGroup;
			children = (
				B337BEA1142540E6002BAB4B /* MovieCell.h */,
				B337BEA2142540E6002BAB4B /* MovieCell.m */,
				B337BEA3142540E6002BAB4B /* MovieCell.xib */,
			);
			name = Cells;
			sourceTree = "<group>";
		};
		B386837E143B8320000340D7 /* GA */ = {
			isa = PBXGroup;
			children = (
				B386837F143B8320000340D7 /* GANTracker.h */,
				B3868380143B8320000340D7 /* libGoogleAnalytics.a */,
				B3868381143B8320000340D7 /* libGoogleAnalytics_NoThumb.a */,
			);
			path = GA;
			sourceTree = "<group>";
		};
		B39135351412A75A0053C84B = {
			isa = PBXGroup;
			children = (
				B391354C1412A75A0053C84B /* Popcornua */,
				B391356C1412A75B0053C84B /* PopcornuaTests */,
				B39135431412A75A0053C84B /* Frameworks */,
				B39135411412A75A0053C84B /* Products */,
			);
			sourceTree = "<group>";
		};
		B39135411412A75A0053C84B /* Products */ = {
			isa = PBXGroup;
			children = (
				B39135401412A75A0053C84B /* Popcornua.app */,
				B39135631412A75B0053C84B /* PopcornuaTests.octest */,
			);
			name = Products;
			sourceTree = "<group>";
		};
		B39135431412A75A0053C84B /* Frameworks */ = {
			isa = PBXGroup;
			children = (
				B3DC0BB0142F82E300E0E8E0 /* MessageUI.framework */,
				B351B2481424E3FB00BDA78B /* CoreLocation.framework */,
				B351B2421424E1F600BDA78B /* MapKit.framework */,
				B3FB21341449B1A3005E7470 /* libz.dylib */,
				B39FE29B144A1B2800BEB249 /* libsqlite3.0.dylib */,
				B3B89CED141C1AF700CCC495 /* MobileCoreServices.framework */,
				B3B89CEB141C1AED00CCC495 /* SystemConfiguration.framework */,
				B3B89CE9141C1ADF00CCC495 /* CFNetwork.framework */,
				B39135441412A75A0053C84B /* UIKit.framework */,
				B39135461412A75A0053C84B /* Foundation.framework */,
				B39135481412A75A0053C84B /* CoreGraphics.framework */,
				B391354A1412A75A0053C84B /* CoreData.framework */,
				B39135641412A75B0053C84B /* SenTestingKit.framework */,
			);
			name = Frameworks;
			sourceTree = "<group>";
		};
		B391354C1412A75A0053C84B /* Popcornua */ = {
			isa = PBXGroup;
			children = (
				B391357E1412A83D0053C84B /* Classes */,
				B391357F1412A84A0053C84B /* Views */,
				B391355B1412A75B0053C84B /* Popcornua.xcdatamodeld */,
				B3B89CC3141C19A000CCC495 /* Libs */,
				B39135801412AD7B0053C84B /* Resourses */,
				B391354D1412A75A0053C84B /* Supporting Files */,
			);
			path = Popcornua;
			sourceTree = "<group>";
		};
		B391354D1412A75A0053C84B /* Supporting Files */ = {
			isa = PBXGroup;
			children = (
				B391354E1412A75A0053C84B /* Popcornua-Info.plist */,
				B391354F1412A75A0053C84B /* InfoPlist.strings */,
				B39135521412A75A0053C84B /* main.m */,
				B39135541412A75A0053C84B /* Popcornua-Prefix.pch */,
			);
			name = "Supporting Files";
			sourceTree = "<group>";
		};
		B391356C1412A75B0053C84B /* PopcornuaTests */ = {
			isa = PBXGroup;
			children = (
				B39135721412A75B0053C84B /* PopcornuaTests.h */,
				B39135741412A75B0053C84B /* PopcornuaTests.m */,
				B391356D1412A75B0053C84B /* Supporting Files */,
			);
			path = PopcornuaTests;
			sourceTree = "<group>";
		};
		B391356D1412A75B0053C84B /* Supporting Files */ = {
			isa = PBXGroup;
			children = (
				B391356E1412A75B0053C84B /* PopcornuaTests-Info.plist */,
				B391356F1412A75B0053C84B /* InfoPlist.strings */,
			);
			name = "Supporting Files";
			sourceTree = "<group>";
		};
		B391357E1412A83D0053C84B /* Classes */ = {
			isa = PBXGroup;
			children = (
				B337BE9F1425408A002BAB4B /* Cells */,
				B3DC2E5B141CB3D100E1FDB0 /* Util */,
				B3B89CBB141C178E00CCC495 /* Data */,
				B3A319D71413A09E004DCCBE /* Objects */,
				B3B321E1142E82D1004E6C68 /* AfishaViewController.h */,
				B3B321E2142E82D1004E6C68 /* AfishaViewController.m */,
				B3A319D414139879004DCCBE /* MainNavController.h */,
				B3A319D514139879004DCCBE /* MainNavController.m */,
				B3DC0BB7142F854A00E0E8E0 /* CinemaMapAnnotation.h */,
				B3DC0BB8142F854A00E0E8E0 /* CinemaMapAnnotation.m */,
				B382A8B31427984600FCE8AB /* CinemaViewController.h */,
				B382A8B41427984600FCE8AB /* CinemaViewController.m */,
				B351B2321424DDD800BDA78B /* CinemasMapController.h */,
				B351B2331424DDD800BDA78B /* CinemasMapController.m */,
				B39135CA1412D20B0053C84B /* CinemasViewController.h */,
				B39135CB1412D20B0053C84B /* CinemasViewController.m */,
				B3E4074A142E0A5100E0050E /* MovieViewController.h */,
				B3E4074B142E0A5100E0050E /* MovieViewController.m */,
				B39135CC1412D20B0053C84B /* MoviesViewController.h */,
				B39135CD1412D20B0053C84B /* MoviesViewController.m */,
				B3DC0BB9142F854A00E0E8E0 /* SettingsViewController.h */,
				B3DC0BBA142F854A00E0E8E0 /* SettingsViewController.m */,
				B39135CE1412D20B0053C84B /* PopcornuaAppDelegate.h */,
				B39135CF1412D20B0053C84B /* PopcornuaAppDelegate.m */,
			);
			name = Classes;
			sourceTree = "<group>";
		};
		B391357F1412A84A0053C84B /* Views */ = {
			isa = PBXGroup;
			children = (
				B3B321E7142E8313004E6C68 /* AfishaViewController.xib */,
				B382A8B91427987200FCE8AB /* CinemaViewController.xib */,
				B351B2381424DE0300BDA78B /* CinemasMapController.xib */,
				B39135D31412D21A0053C84B /* CinemasViewController.xib */,
				B39135D41412D21A0053C84B /* MainWindow.xib */,
				B3E40750142E0A8000E0050E /* MovieViewController.xib */,
				B39135D51412D21A0053C84B /* MoviesViewController.xib */,
				B3DC0BBF142F8EA100E0E8E0 /* SettingsViewController.xib */,
			);
			name = Views;
			sourceTree = "<group>";
		};
		B39135801412AD7B0053C84B /* Resourses */ = {
			isa = PBXGroup;
			children = (
				B3DFD6741434829B00BE123A /* images */,
				B3DC0BCB142F946800E0E8E0 /* Settings.bundle */,
				B39135EA1412D57B0053C84B /* Localizable.strings */,
				B39135E61412D5100053C84B /* en.lproj */,
				B391359D1412B3D80053C84B /* tab_icons */,
				B39135851412B09A0053C84B /* icons */,
				B39135891412B09A0053C84B /* splash */,
			);
			name = Resourses;
			sourceTree = "<group>";
		};
		B39135851412B09A0053C84B /* icons */ = {
			isa = PBXGroup;
			children = (
				B39135871412B09A0053C84B /* icon.png */,
				B39135881412B09A0053C84B /* icon@2x.png */,
			);
			name = icons;
			path = Resources/icons;
			sourceTree = "<group>";
		};
		B39135891412B09A0053C84B /* splash */ = {
			isa = PBXGroup;
			children = (
				B391358A1412B09A0053C84B /* Default.png */,
				B391358B1412B09A0053C84B /* Default@2x.png */,
			);
			name = splash;
			path = Resources/splash;
			sourceTree = "<group>";
		};
		B391359D1412B3D80053C84B /* tab_icons */ = {
			isa = PBXGroup;
			children = (
				B337BE9914252FEC002BAB4B /* settings_icon.png */,
				B337BE9714252FB9002BAB4B /* map_icon.png */,
				B3B89CFD141C245100CCC495 /* cinemas_icon.png */,
				B3B89CFE141C245100CCC495 /* movies_icon.png */,
			);
			name = tab_icons;
			path = Resources/tab_icons;
			sourceTree = "<group>";
		};
		B39135E61412D5100053C84B /* en.lproj */ = {
			isa = PBXGroup;
			children = (
				B39135E71412D5100053C84B /* InfoPlist.strings */,
			);
			path = en.lproj;
			sourceTree = "<group>";
		};
		B3A319D71413A09E004DCCBE /* Objects */ = {
			isa = PBXGroup;
			children = (
				B3A319E51413A450004DCCBE /* Afisha.h */,
				B3A319E61413A450004DCCBE /* Afisha.m */,
				B3817EDE14223AB000576C22 /* Coordinate.h */,
				B3817EDF14223AB000576C22 /* Coordinate.m */,
				B3A319EB1413A46A004DCCBE /* Cinema.h */,
				B3A319EC1413A46A004DCCBE /* Cinema.m */,
				B3A319E81413A46A004DCCBE /* Movie.h */,
				B3A319E91413A46A004DCCBE /* Movie.m */,
			);
			name = Objects;
			sourceTree = "<group>";
		};
		B3B89CBB141C178E00CCC495 /* Data */ = {
			isa = PBXGroup;
			children = (
				B3B89CC0141C189C00CCC495 /* PCUDataController.h */,
				B3B89CC1141C189C00CCC495 /* PCUDataController.m */,
			);
			name = Data;
			sourceTree = "<group>";
		};
		B3B89CC3141C19A000CCC495 /* Libs */ = {
			isa = PBXGroup;
			children = (
				B386837E143B8320000340D7 /* GA */,
				B3DC0B6B142F7C9000E0E8E0 /* InAppSettingsKit */,
				B31823D51423E582008D62B6 /* MBProgressHUD */,
				B3B89D01141C2E5400CCC495 /* JSON */,
				B3B89CC4141C19A000CCC495 /* ASIHTTPRequest */,
			);
			name = Libs;
			path = Classes/Libs;
			sourceTree = "<group>";
		};
		B3B89CC4141C19A000CCC495 /* ASIHTTPRequest */ = {
			isa = PBXGroup;
			children = (
				B3B89CF1141C1C0700CCC495 /* Reachability.h */,
				B3B89CF2141C1C0700CCC495 /* Reachability.m */,
				B3B89CC5141C19A000CCC495 /* ASIAuthenticationDialog.h */,
				B3B89CC6141C19A000CCC495 /* ASIAuthenticationDialog.m */,
				B3B89CC7141C19A000CCC495 /* ASICacheDelegate.h */,
				B3B89CC8141C19A000CCC495 /* ASIDataCompressor.h */,
				B3B89CC9141C19A000CCC495 /* ASIDataCompressor.m */,
				B3B89CCA141C19A000CCC495 /* ASIDataDecompressor.h */,
				B3B89CCB141C19A000CCC495 /* ASIDataDecompressor.m */,
				B3B89CCC141C19A000CCC495 /* ASIDownloadCache.h */,
				B3B89CCD141C19A000CCC495 /* ASIDownloadCache.m */,
				B3B89CCE141C19A000CCC495 /* ASIFormDataRequest.h */,
				B3B89CCF141C19A000CCC495 /* ASIFormDataRequest.m */,
				B3B89CD0141C19A000CCC495 /* ASIHTTPRequest.h */,
				B3B89CD1141C19A000CCC495 /* ASIHTTPRequest.m */,
				B3B89CD2141C19A000CCC495 /* ASIHTTPRequestConfig.h */,
				B3B89CD3141C19A000CCC495 /* ASIHTTPRequestDelegate.h */,
				B3B89CD4141C19A000CCC495 /* ASIInputStream.h */,
				B3B89CD5141C19A000CCC495 /* ASIInputStream.m */,
				B3B89CD6141C19A000CCC495 /* ASINetworkQueue.h */,
				B3B89CD7141C19A000CCC495 /* ASINetworkQueue.m */,
				B3B89CD8141C19A000CCC495 /* ASIProgressDelegate.h */,
			);
			path = ASIHTTPRequest;
			sourceTree = "<group>";
		};
		B3B89D01141C2E5400CCC495 /* JSON */ = {
			isa = PBXGroup;
			children = (
				B3B89D02141C2E5400CCC495 /* JSON.h */,
				B3B89D03141C2E5400CCC495 /* NSObject+SBJSON.h */,
				B3B89D04141C2E5400CCC495 /* NSObject+SBJSON.m */,
				B3B89D05141C2E5400CCC495 /* NSString+SBJSON.h */,
				B3B89D06141C2E5400CCC495 /* NSString+SBJSON.m */,
				B3B89D07141C2E5400CCC495 /* SBJSON.h */,
				B3B89D08141C2E5400CCC495 /* SBJSON.m */,
			);
			path = JSON;
			sourceTree = "<group>";
		};
		B3DC0B6B142F7C9000E0E8E0 /* InAppSettingsKit */ = {
			isa = PBXGroup;
			children = (
				B3DC0B6D142F7CF200E0E8E0 /* Controllers */,
				B3DC0B74142F7CF200E0E8E0 /* Models */,
				B3DC0B7F142F7CF200E0E8E0 /* Views */,
				B3DC0B8E142F7CF200E0E8E0 /* Xibs */,
			);
			name = InAppSettingsKit;
			sourceTree = "<group>";
		};
		B3DC0B6D142F7CF200E0E8E0 /* Controllers */ = {
			isa = PBXGroup;
			children = (
				B3DC0B6E142F7CF200E0E8E0 /* IASKAppSettingsViewController.h */,
				B3DC0B6F142F7CF200E0E8E0 /* IASKAppSettingsViewController.m */,
				B3DC0B70142F7CF200E0E8E0 /* IASKAppSettingsWebViewController.h */,
				B3DC0B71142F7CF200E0E8E0 /* IASKAppSettingsWebViewController.m */,
				B3DC0B72142F7CF200E0E8E0 /* IASKSpecifierValuesViewController.h */,
				B3DC0B73142F7CF200E0E8E0 /* IASKSpecifierValuesViewController.m */,
			);
			name = Controllers;
			path = InAppSettingsKit/Controllers;
			sourceTree = "<group>";
		};
		B3DC0B74142F7CF200E0E8E0 /* Models */ = {
			isa = PBXGroup;
			children = (
				B3DC0B75142F7CF200E0E8E0 /* IASKSettingsReader.h */,
				B3DC0B76142F7CF200E0E8E0 /* IASKSettingsReader.m */,
				B3DC0B77142F7CF200E0E8E0 /* IASKSettingsStore.h */,
				B3DC0B78142F7CF200E0E8E0 /* IASKSettingsStore.m */,
				B3DC0B79142F7CF200E0E8E0 /* IASKSettingsStoreFile.h */,
				B3DC0B7A142F7CF200E0E8E0 /* IASKSettingsStoreFile.m */,
				B3DC0B7B142F7CF200E0E8E0 /* IASKSettingsStoreUserDefaults.h */,
				B3DC0B7C142F7CF200E0E8E0 /* IASKSettingsStoreUserDefaults.m */,
				B3DC0B7D142F7CF200E0E8E0 /* IASKSpecifier.h */,
				B3DC0B7E142F7CF200E0E8E0 /* IASKSpecifier.m */,
			);
			name = Models;
			path = InAppSettingsKit/Models;
			sourceTree = "<group>";
		};
		B3DC0B7F142F7CF200E0E8E0 /* Views */ = {
			isa = PBXGroup;
			children = (
				B3DC0B80142F7CF200E0E8E0 /* IASKPSSliderSpecifierViewCell.h */,
				B3DC0B81142F7CF200E0E8E0 /* IASKPSSliderSpecifierViewCell.m */,
				B3DC0B82142F7CF200E0E8E0 /* IASKPSTextFieldSpecifierViewCell.h */,
				B3DC0B83142F7CF200E0E8E0 /* IASKPSTextFieldSpecifierViewCell.m */,
				B3DC0B84142F7CF200E0E8E0 /* IASKPSTitleValueSpecifierViewCell.h */,
				B3DC0B85142F7CF200E0E8E0 /* IASKPSTitleValueSpecifierViewCell.m */,
				B3DC0B86142F7CF200E0E8E0 /* IASKPSToggleSwitchSpecifierViewCell.h */,
				B3DC0B87142F7CF200E0E8E0 /* IASKPSToggleSwitchSpecifierViewCell.m */,
				B3DC0B88142F7CF200E0E8E0 /* IASKSlider.h */,
				B3DC0B89142F7CF200E0E8E0 /* IASKSlider.m */,
				B3DC0B8A142F7CF200E0E8E0 /* IASKSwitch.h */,
				B3DC0B8B142F7CF200E0E8E0 /* IASKSwitch.m */,
				B3DC0B8C142F7CF200E0E8E0 /* IASKTextField.h */,
				B3DC0B8D142F7CF200E0E8E0 /* IASKTextField.m */,
			);
			name = Views;
			path = InAppSettingsKit/Views;
			sourceTree = "<group>";
		};
		B3DC0B8E142F7CF200E0E8E0 /* Xibs */ = {
			isa = PBXGroup;
			children = (
				B3DC0B8F142F7CF200E0E8E0 /* IASKAppSettingsView.xib */,
				B3DC0B90142F7CF200E0E8E0 /* IASKAppSettingsWebView.xib */,
				B3DC0B91142F7CF200E0E8E0 /* IASKPSSliderSpecifierViewCell.xib */,
				B3DC0B92142F7CF200E0E8E0 /* IASKPSTextFieldSpecifierViewCell.xib */,
				B3DC0B93142F7CF200E0E8E0 /* IASKPSToggleSwitchSpecifierViewCell.xib */,
				B3DC0B94142F7CF200E0E8E0 /* IASKSpecifierValuesView.xib */,
			);
			name = Xibs;
			path = InAppSettingsKit/Xibs;
			sourceTree = "<group>";
		};
		B3DC2E5B141CB3D100E1FDB0 /* Util */ = {
			isa = PBXGroup;
			children = (
				B3DC2E5D141CB3F100E1FDB0 /* NSStringUtil.h */,
				B3DC2E5E141CB3F100E1FDB0 /* NSStringUtil.m */,
				B3E4E455142690CD000CD12A /* ImageLoadingOperation.h */,
				B3E4E456142690CD000CD12A /* ImageLoadingOperation.m */,
			);
			name = Util;
			sourceTree = "<group>";
		};
		B3DFD6741434829B00BE123A /* images */ = {
			isa = PBXGroup;
			children = (
				B3DFD6751434829B00BE123A /* noimage.png */,
			);
			name = images;
			path = Resources/images;
			sourceTree = "<group>";
		};
/* End PBXGroup section */

/* Begin PBXNativeTarget section */
		B391353F1412A75A0053C84B /* Popcornua */ = {
			isa = PBXNativeTarget;
			buildConfigurationList = B39135781412A75B0053C84B /* Build configuration list for PBXNativeTarget "Popcornua" */;
			buildPhases = (
				B391353C1412A75A0053C84B /* Sources */,
				B391353D1412A75A0053C84B /* Frameworks */,
				B391353E1412A75A0053C84B /* Resources */,
			);
			buildRules = (
			);
			dependencies = (
			);
			name = Popcornua;
			productName = Popcornua;
			productReference = B39135401412A75A0053C84B /* Popcornua.app */;
			productType = "com.apple.product-type.application";
		};
		B39135621412A75B0053C84B /* PopcornuaTests */ = {
			isa = PBXNativeTarget;
			buildConfigurationList = B391357B1412A75B0053C84B /* Build configuration list for PBXNativeTarget "PopcornuaTests" */;
			buildPhases = (
				B391355E1412A75B0053C84B /* Sources */,
				B391355F1412A75B0053C84B /* Frameworks */,
				B39135601412A75B0053C84B /* Resources */,
				B39135611412A75B0053C84B /* ShellScript */,
			);
			buildRules = (
			);
			dependencies = (
				B391356B1412A75B0053C84B /* PBXTargetDependency */,
			);
			name = PopcornuaTests;
			productName = PopcornuaTests;
			productReference = B39135631412A75B0053C84B /* PopcornuaTests.octest */;
			productType = "com.apple.product-type.bundle";
		};
/* End PBXNativeTarget section */

/* Begin PBXProject section */
		B39135371412A75A0053C84B /* Project object */ = {
			isa = PBXProject;
			attributes = {
				LastUpgradeCheck = 0420;
			};
			buildConfigurationList = B391353A1412A75A0053C84B /* Build configuration list for PBXProject "Popcornua" */;
			compatibilityVersion = "Xcode 3.2";
			developmentRegion = English;
			hasScannedForEncodings = 0;
			knownRegions = (
				en,
				ru,
			);
			mainGroup = B39135351412A75A0053C84B;
			productRefGroup = B39135411412A75A0053C84B /* Products */;
			projectDirPath = "";
			projectRoot = "";
			targets = (
				B391353F1412A75A0053C84B /* Popcornua */,
				B39135621412A75B0053C84B /* PopcornuaTests */,
			);
		};
/* End PBXProject section */

/* Begin PBXResourcesBuildPhase section */
		B391353E1412A75A0053C84B /* Resources */ = {
			isa = PBXResourcesBuildPhase;
			buildActionMask = 2147483647;
			files = (
				B39135E11412D3350053C84B /* InfoPlist.strings in Resources */,
				B391358D1412B09A0053C84B /* icon.png in Resources */,
				B391358E1412B09A0053C84B /* icon@2x.png in Resources */,
				B391358F1412B09A0053C84B /* Default.png in Resources */,
				B39135D61412D21A0053C84B /* CinemasViewController.xib in Resources */,
				B39135D71412D21A0053C84B /* MainWindow.xib in Resources */,
				B39135D81412D21A0053C84B /* MoviesViewController.xib in Resources */,
				B39135E91412D5100053C84B /* InfoPlist.strings in Resources */,
				B39135EC1412D57B0053C84B /* Localizable.strings in Resources */,
				B3B89CF8141C235900CCC495 /* Default@2x.png in Resources */,
				B3B89CFF141C245100CCC495 /* cinemas_icon.png in Resources */,
				B3B89D00141C245100CCC495 /* movies_icon.png in Resources */,
				B351B2391424DE0300BDA78B /* CinemasMapController.xib in Resources */,
				B337BE9814252FB9002BAB4B /* map_icon.png in Resources */,
				B337BE9A14252FEC002BAB4B /* settings_icon.png in Resources */,
				B337BEA5142540E6002BAB4B /* MovieCell.xib in Resources */,
				B382A8BA1427987200FCE8AB /* CinemaViewController.xib in Resources */,
				B3E40751142E0A8000E0050E /* MovieViewController.xib in Resources */,
				B3B321E8142E8313004E6C68 /* AfishaViewController.xib in Resources */,
				B3DC0BA4142F7CF200E0E8E0 /* IASKAppSettingsView.xib in Resources */,
				B3DC0BA5142F7CF200E0E8E0 /* IASKAppSettingsWebView.xib in Resources */,
				B3DC0BA6142F7CF200E0E8E0 /* IASKPSSliderSpecifierViewCell.xib in Resources */,
				B3DC0BA7142F7CF200E0E8E0 /* IASKPSTextFieldSpecifierViewCell.xib in Resources */,
				B3DC0BA8142F7CF200E0E8E0 /* IASKPSToggleSwitchSpecifierViewCell.xib in Resources */,
				B3DC0BA9142F7CF200E0E8E0 /* IASKSpecifierValuesView.xib in Resources */,
				B3DC0BC0142F8EA100E0E8E0 /* SettingsViewController.xib in Resources */,
				B3DC0BC7142F940100E0E8E0 /* Settings.bundle in Resources */,
				B3DC0BCC142F946800E0E8E0 /* Settings.bundle in Resources */,
				B3EFCEB4142F96BD00D1260F /* Root.strings in Resources */,
				B3DFD6761434829B00BE123A /* noimage.png in Resources */,
			);
			runOnlyForDeploymentPostprocessing = 0;
		};
		B39135601412A75B0053C84B /* Resources */ = {
			isa = PBXResourcesBuildPhase;
			buildActionMask = 2147483647;
			files = (
				B39135711412A75B0053C84B /* InfoPlist.strings in Resources */,
				B39135731412A75B0053C84B /* PopcornuaTests.h in Resources */,
			);
			runOnlyForDeploymentPostprocessing = 0;
		};
/* End PBXResourcesBuildPhase section */

/* Begin PBXShellScriptBuildPhase section */
		B39135611412A75B0053C84B /* ShellScript */ = {
			isa = PBXShellScriptBuildPhase;
			buildActionMask = 2147483647;
			files = (
			);
			inputPaths = (
			);
			outputPaths = (
			);
			runOnlyForDeploymentPostprocessing = 0;
			shellPath = /bin/sh;
			shellScript = "# Run the unit tests in this test bundle.\n\"${SYSTEM_DEVELOPER_DIR}/Tools/RunUnitTests\"\n";
		};
/* End PBXShellScriptBuildPhase section */

/* Begin PBXSourcesBuildPhase section */
		B391353C1412A75A0053C84B /* Sources */ = {
			isa = PBXSourcesBuildPhase;
			buildActionMask = 2147483647;
			files = (
				B39135531412A75A0053C84B /* main.m in Sources */,
				B391355D1412A75B0053C84B /* Popcornua.xcdatamodeld in Sources */,
				B39135D01412D20B0053C84B /* CinemasViewController.m in Sources */,
				B39135D11412D20B0053C84B /* MoviesViewController.m in Sources */,
				B39135D21412D20B0053C84B /* PopcornuaAppDelegate.m in Sources */,
				B3A319D614139879004DCCBE /* MainNavController.m in Sources */,
				B3A319E71413A450004DCCBE /* Afisha.m in Sources */,
				B3A319EA1413A46A004DCCBE /* Movie.m in Sources */,
				B3A319ED1413A46B004DCCBE /* Cinema.m in Sources */,
				B3B89CC2141C189C00CCC495 /* PCUDataController.m in Sources */,
				B3B89CD9141C19A000CCC495 /* ASIAuthenticationDialog.m in Sources */,
				B3B89CDA141C19A000CCC495 /* ASIDataCompressor.m in Sources */,
				B3B89CDB141C19A000CCC495 /* ASIDataDecompressor.m in Sources */,
				B3B89CDC141C19A000CCC495 /* ASIDownloadCache.m in Sources */,
				B3B89CDD141C19A000CCC495 /* ASIFormDataRequest.m in Sources */,
				B3B89CDE141C19A000CCC495 /* ASIHTTPRequest.m in Sources */,
				B3B89CDF141C19A000CCC495 /* ASIInputStream.m in Sources */,
				B3B89CE0141C19A000CCC495 /* ASINetworkQueue.m in Sources */,
				B3B89CF3141C1C0700CCC495 /* Reachability.m in Sources */,
				B3B89D09141C2E5400CCC495 /* NSObject+SBJSON.m in Sources */,
				B3B89D0A141C2E5400CCC495 /* NSString+SBJSON.m in Sources */,
				B3B89D0B141C2E5400CCC495 /* SBJSON.m in Sources */,
				B3DC2E5F141CB3F100E1FDB0 /* NSStringUtil.m in Sources */,
				B3817EE014223AB000576C22 /* Coordinate.m in Sources */,
				B31823DE1423E662008D62B6 /* MBProgressHUD.m in Sources */,
				B351B2351424DDD900BDA78B /* CinemasMapController.m in Sources */,
				B337BEA4142540E6002BAB4B /* MovieCell.m in Sources */,
				B3E4E457142690CD000CD12A /* ImageLoadingOperation.m in Sources */,
				B382A8B61427984600FCE8AB /* CinemaViewController.m in Sources */,
				B3E4074D142E0A5100E0050E /* MovieViewController.m in Sources */,
				B3B321E4142E82D2004E6C68 /* AfishaViewController.m in Sources */,
				B3DC0B95142F7CF200E0E8E0 /* IASKAppSettingsViewController.m in Sources */,
				B3DC0B96142F7CF200E0E8E0 /* IASKAppSettingsWebViewController.m in Sources */,
				B3DC0B97142F7CF200E0E8E0 /* IASKSpecifierValuesViewController.m in Sources */,
				B3DC0B98142F7CF200E0E8E0 /* IASKSettingsReader.m in Sources */,
				B3DC0B99142F7CF200E0E8E0 /* IASKSettingsStore.m in Sources */,
				B3DC0B9A142F7CF200E0E8E0 /* IASKSettingsStoreFile.m in Sources */,
				B3DC0B9B142F7CF200E0E8E0 /* IASKSettingsStoreUserDefaults.m in Sources */,
				B3DC0B9C142F7CF200E0E8E0 /* IASKSpecifier.m in Sources */,
				B3DC0B9D142F7CF200E0E8E0 /* IASKPSSliderSpecifierViewCell.m in Sources */,
				B3DC0B9E142F7CF200E0E8E0 /* IASKPSTextFieldSpecifierViewCell.m in Sources */,
				B3DC0B9F142F7CF200E0E8E0 /* IASKPSTitleValueSpecifierViewCell.m in Sources */,
				B3DC0BA0142F7CF200E0E8E0 /* IASKPSToggleSwitchSpecifierViewCell.m in Sources */,
				B3DC0BA1142F7CF200E0E8E0 /* IASKSlider.m in Sources */,
				B3DC0BA2142F7CF200E0E8E0 /* IASKSwitch.m in Sources */,
				B3DC0BA3142F7CF200E0E8E0 /* IASKTextField.m in Sources */,
				B3DC0BBB142F854A00E0E8E0 /* CinemaMapAnnotation.m in Sources */,
				B3DC0BBC142F854A00E0E8E0 /* SettingsViewController.m in Sources */,
			);
			runOnlyForDeploymentPostprocessing = 0;
		};
		B391355E1412A75B0053C84B /* Sources */ = {
			isa = PBXSourcesBuildPhase;
			buildActionMask = 2147483647;
			files = (
				B39135751412A75B0053C84B /* PopcornuaTests.m in Sources */,
			);
			runOnlyForDeploymentPostprocessing = 0;
		};
/* End PBXSourcesBuildPhase section */

/* Begin PBXTargetDependency section */
		B391356B1412A75B0053C84B /* PBXTargetDependency */ = {
			isa = PBXTargetDependency;
			target = B391353F1412A75A0053C84B /* Popcornua */;
			targetProxy = B391356A1412A75B0053C84B /* PBXContainerItemProxy */;
		};
/* End PBXTargetDependency section */

/* Begin PBXVariantGroup section */
		B391354F1412A75A0053C84B /* InfoPlist.strings */ = {
			isa = PBXVariantGroup;
			children = (
				B39135501412A75A0053C84B /* en */,
			);
			name = InfoPlist.strings;
			sourceTree = "<group>";
		};
		B391356F1412A75B0053C84B /* InfoPlist.strings */ = {
			isa = PBXVariantGroup;
			children = (
				B39135701412A75B0053C84B /* en */,
			);
			name = InfoPlist.strings;
			sourceTree = "<group>";
		};
		B39135E71412D5100053C84B /* InfoPlist.strings */ = {
			isa = PBXVariantGroup;
			children = (
				B39135E81412D5100053C84B /* en */,
			);
			name = InfoPlist.strings;
			sourceTree = "<group>";
		};
		B39135EA1412D57B0053C84B /* Localizable.strings */ = {
			isa = PBXVariantGroup;
			children = (
				B39135EB1412D57B0053C84B /* en */,
				B39135ED1412D5840053C84B /* ru */,
			);
			name = Localizable.strings;
			sourceTree = "<group>";
		};
		B3DC0BC5142F940100E0E8E0 /* Settings.bundle */ = {
			isa = PBXVariantGroup;
			children = (
			);
			name = Settings.bundle;
			path = /Users/leo/programs/iphone_projects/Popcornua/Popcornua;
			sourceTree = "<absolute>";
		};
		B3EFCEB2142F96BD00D1260F /* Root.strings */ = {
			isa = PBXVariantGroup;
			children = (
			);
			name = Root.strings;
			path = /Users/leo/programs/iphone_projects/Popcornua;
			sourceTree = "<absolute>";
		};
/* End PBXVariantGroup section */

/* Begin XCBuildConfiguration section */
		B39135761412A75B0053C84B /* Debug */ = {
			isa = XCBuildConfiguration;
			buildSettings = {
				ALWAYS_SEARCH_USER_PATHS = NO;
				ARCHS = "$(ARCHS_STANDARD_32_BIT)";
				CODE_SIGN_IDENTITY = "iPhone Developer";
				"CODE_SIGN_IDENTITY[sdk=iphoneos*]" = "iPhone Distribution";
				COPY_PHASE_STRIP = NO;
				GCC_C_LANGUAGE_STANDARD = gnu99;
				GCC_DYNAMIC_NO_PIC = NO;
				GCC_OPTIMIZATION_LEVEL = 0;
				GCC_PREPROCESSOR_DEFINITIONS = (
					"DEBUG=1",
					"$(inherited)",
				);
				GCC_SYMBOLS_PRIVATE_EXTERN = NO;
				GCC_VERSION = com.apple.compilers.llvmgcc42;
				GCC_WARN_ABOUT_MISSING_PROTOTYPES = YES;
				GCC_WARN_ABOUT_RETURN_TYPE = YES;
				GCC_WARN_UNUSED_VARIABLE = YES;
				IPHONEOS_DEPLOYMENT_TARGET = 4.3;
				PROVISIONING_PROFILE = "";
				"PROVISIONING_PROFILE[sdk=iphoneos*]" = "";
				SDKROOT = iphoneos;
			};
			name = Debug;
		};
		B39135771412A75B0053C84B /* Release */ = {
			isa = XCBuildConfiguration;
			buildSettings = {
				ALWAYS_SEARCH_USER_PATHS = NO;
				ARCHS = "$(ARCHS_STANDARD_32_BIT)";
				CODE_SIGN_IDENTITY = "iPhone Developer";
				"CODE_SIGN_IDENTITY[sdk=iphoneos*]" = "iPhone Developer";
				COPY_PHASE_STRIP = YES;
				GCC_C_LANGUAGE_STANDARD = gnu99;
				GCC_VERSION = com.apple.compilers.llvmgcc42;
				GCC_WARN_ABOUT_MISSING_PROTOTYPES = YES;
				GCC_WARN_ABOUT_RETURN_TYPE = YES;
				GCC_WARN_UNUSED_VARIABLE = YES;
				IPHONEOS_DEPLOYMENT_TARGET = 4.3;
				OTHER_CFLAGS = "-DNS_BLOCK_ASSERTIONS=1";
				PROVISIONING_PROFILE = "";
				SDKROOT = iphoneos;
				VALIDATE_PRODUCT = YES;
			};
			name = Release;
		};
		B39135791412A75B0053C84B /* Debug */ = {
			isa = XCBuildConfiguration;
			buildSettings = {
				CODE_SIGN_IDENTITY = "iPhone Developer: Oleksii Vasyliev (9PWQFTSNZA)";
				"CODE_SIGN_IDENTITY[sdk=iphoneos*]" = "iPhone Developer: Oleksii Vasyliev (9PWQFTSNZA)";
				GCC_PRECOMPILE_PREFIX_HEADER = YES;
				GCC_PREFIX_HEADER = "Popcornua/Popcornua-Prefix.pch";
				GCC_VERSION = com.apple.compilers.llvm.clang.1_0;
				INFOPLIST_FILE = "Popcornua/Popcornua-Info.plist";
				IPHONEOS_DEPLOYMENT_TARGET = 4.3;
				LIBRARY_SEARCH_PATHS = (
					"$(inherited)",
					"\"$(SRCROOT)/Popcornua/Classes/Libs/GA\"",
				);
				PRODUCT_NAME = "$(TARGET_NAME)";
				PROVISIONING_PROFILE = "D90F99B4-3701-400E-8517-53B2CA53D720";
				"PROVISIONING_PROFILE[sdk=iphoneos*]" = "D90F99B4-3701-400E-8517-53B2CA53D720";
				WRAPPER_EXTENSION = app;
			};
			name = Debug;
		};
		B391357A1412A75B0053C84B /* Release */ = {
			isa = XCBuildConfiguration;
			buildSettings = {
				CODE_SIGN_IDENTITY = "iPhone Developer: Oleksii Vasyliev (9PWQFTSNZA)";
				"CODE_SIGN_IDENTITY[sdk=iphoneos*]" = "iPhone Developer: Oleksii Vasyliev (9PWQFTSNZA)";
				GCC_PRECOMPILE_PREFIX_HEADER = YES;
				GCC_PREFIX_HEADER = "Popcornua/Popcornua-Prefix.pch";
				GCC_VERSION = com.apple.compilers.llvm.clang.1_0;
				INFOPLIST_FILE = "Popcornua/Popcornua-Info.plist";
				IPHONEOS_DEPLOYMENT_TARGET = 4.3;
				LIBRARY_SEARCH_PATHS = (
					"$(inherited)",
					"\"$(SRCROOT)/Popcornua/Classes/Libs/GA\"",
				);
				PRODUCT_NAME = "$(TARGET_NAME)";
				PROVISIONING_PROFILE = "D90F99B4-3701-400E-8517-53B2CA53D720";
				"PROVISIONING_PROFILE[sdk=iphoneos*]" = "D90F99B4-3701-400E-8517-53B2CA53D720";
				WRAPPER_EXTENSION = app;
			};
			name = Release;
		};
		B391357C1412A75B0053C84B /* Debug */ = {
			isa = XCBuildConfiguration;
			buildSettings = {
				BUNDLE_LOADER = "$(BUILT_PRODUCTS_DIR)/Popcornua.app/Popcornua";
				FRAMEWORK_SEARCH_PATHS = (
					"$(SDKROOT)/Developer/Library/Frameworks",
					"$(DEVELOPER_LIBRARY_DIR)/Frameworks",
				);
				GCC_PRECOMPILE_PREFIX_HEADER = YES;
				GCC_PREFIX_HEADER = "Popcornua/Popcornua-Prefix.pch";
				GCC_VERSION = com.apple.compilers.llvm.clang.1_0;
				INFOPLIST_FILE = "PopcornuaTests/PopcornuaTests-Info.plist";
				PRODUCT_NAME = "$(TARGET_NAME)";
				TEST_HOST = "$(BUNDLE_LOADER)";
				WRAPPER_EXTENSION = octest;
			};
			name = Debug;
		};
		B391357D1412A75B0053C84B /* Release */ = {
			isa = XCBuildConfiguration;
			buildSettings = {
				BUNDLE_LOADER = "$(BUILT_PRODUCTS_DIR)/Popcornua.app/Popcornua";
				FRAMEWORK_SEARCH_PATHS = (
					"$(SDKROOT)/Developer/Library/Frameworks",
					"$(DEVELOPER_LIBRARY_DIR)/Frameworks",
				);
				GCC_PRECOMPILE_PREFIX_HEADER = YES;
				GCC_PREFIX_HEADER = "Popcornua/Popcornua-Prefix.pch";
				GCC_VERSION = com.apple.compilers.llvm.clang.1_0;
				INFOPLIST_FILE = "PopcornuaTests/PopcornuaTests-Info.plist";
				PRODUCT_NAME = "$(TARGET_NAME)";
				TEST_HOST = "$(BUNDLE_LOADER)";
				WRAPPER_EXTENSION = octest;
			};
			name = Release;
		};
		B39FE2931449DF6A00BEB249 /* Distribution */ = {
			isa = XCBuildConfiguration;
			buildSettings = {
				ALWAYS_SEARCH_USER_PATHS = NO;
				ARCHS = "$(ARCHS_STANDARD_32_BIT)";
				CODE_SIGN_IDENTITY = "iPhone Distribution";
				"CODE_SIGN_IDENTITY[sdk=iphoneos*]" = "iPhone Distribution";
				COPY_PHASE_STRIP = YES;
				GCC_C_LANGUAGE_STANDARD = gnu99;
				GCC_VERSION = com.apple.compilers.llvmgcc42;
				GCC_WARN_ABOUT_MISSING_PROTOTYPES = YES;
				GCC_WARN_ABOUT_RETURN_TYPE = YES;
				GCC_WARN_UNUSED_VARIABLE = YES;
				IPHONEOS_DEPLOYMENT_TARGET = 4.3;
				OTHER_CFLAGS = "-DNS_BLOCK_ASSERTIONS=1";
				PROVISIONING_PROFILE = "";
				"PROVISIONING_PROFILE[sdk=iphoneos*]" = "";
				SDKROOT = iphoneos;
				VALIDATE_PRODUCT = YES;
			};
			name = Distribution;
		};
		B39FE2941449DF6A00BEB249 /* Distribution */ = {
			isa = XCBuildConfiguration;
			buildSettings = {
				CODE_SIGN_IDENTITY = "iPhone Distribution: Oleksii Vasyliev";
				"CODE_SIGN_IDENTITY[sdk=iphoneos*]" = "iPhone Distribution: Oleksii Vasyliev";
				GCC_PRECOMPILE_PREFIX_HEADER = YES;
				GCC_PREFIX_HEADER = "Popcornua/Popcornua-Prefix.pch";
				GCC_VERSION = com.apple.compilers.llvm.clang.1_0;
				INFOPLIST_FILE = "Popcornua/Popcornua-Info.plist";
				IPHONEOS_DEPLOYMENT_TARGET = 4.3;
				LIBRARY_SEARCH_PATHS = (
					"$(inherited)",
					"\"$(SRCROOT)/Popcornua/Classes/Libs/GA\"",
				);
				PRODUCT_NAME = "$(TARGET_NAME)";
				PROVISIONING_PROFILE = "44890CD7-D937-4048-881B-6E3390CEC806";
				"PROVISIONING_PROFILE[sdk=iphoneos*]" = "44890CD7-D937-4048-881B-6E3390CEC806";
				WRAPPER_EXTENSION = app;
			};
			name = Distribution;
		};
		B39FE2951449DF6A00BEB249 /* Distribution */ = {
			isa = XCBuildConfiguration;
			buildSettings = {
				BUNDLE_LOADER = "$(BUILT_PRODUCTS_DIR)/Popcornua.app/Popcornua";
				FRAMEWORK_SEARCH_PATHS = (
					"$(SDKROOT)/Developer/Library/Frameworks",
					"$(DEVELOPER_LIBRARY_DIR)/Frameworks",
				);
				GCC_PRECOMPILE_PREFIX_HEADER = YES;
				GCC_PREFIX_HEADER = "Popcornua/Popcornua-Prefix.pch";
				GCC_VERSION = com.apple.compilers.llvm.clang.1_0;
				INFOPLIST_FILE = "PopcornuaTests/PopcornuaTests-Info.plist";
				PRODUCT_NAME = "$(TARGET_NAME)";
				TEST_HOST = "$(BUNDLE_LOADER)";
				WRAPPER_EXTENSION = octest;
			};
			name = Distribution;
		};
/* End XCBuildConfiguration section */

/* Begin XCConfigurationList section */
		B391353A1412A75A0053C84B /* Build configuration list for PBXProject "Popcornua" */ = {
			isa = XCConfigurationList;
			buildConfigurations = (
				B39135761412A75B0053C84B /* Debug */,
				B39135771412A75B0053C84B /* Release */,
				B39FE2931449DF6A00BEB249 /* Distribution */,
			);
			defaultConfigurationIsVisible = 0;
			defaultConfigurationName = Release;
		};
		B39135781412A75B0053C84B /* Build configuration list for PBXNativeTarget "Popcornua" */ = {
			isa = XCConfigurationList;
			buildConfigurations = (
				B39135791412A75B0053C84B /* Debug */,
				B391357A1412A75B0053C84B /* Release */,
				B39FE2941449DF6A00BEB249 /* Distribution */,
			);
			defaultConfigurationIsVisible = 0;
			defaultConfigurationName = Release;
		};
		B391357B1412A75B0053C84B /* Build configuration list for PBXNativeTarget "PopcornuaTests" */ = {
			isa = XCConfigurationList;
			buildConfigurations = (
				B391357C1412A75B0053C84B /* Debug */,
				B391357D1412A75B0053C84B /* Release */,
				B39FE2951449DF6A00BEB249 /* Distribution */,
			);
			defaultConfigurationIsVisible = 0;
			defaultConfigurationName = Release;
		};
/* End XCConfigurationList section */

/* Begin XCVersionGroup section */
		B391355B1412A75B0053C84B /* Popcornua.xcdatamodeld */ = {
			isa = XCVersionGroup;
			children = (
				B391355C1412A75B0053C84B /* Popcornua.xcdatamodel */,
			);
			currentVersion = B391355C1412A75B0053C84B /* Popcornua.xcdatamodel */;
			path = Popcornua.xcdatamodeld;
			sourceTree = "<group>";
			versionGroupType = wrapper.xcdatamodel;
		};
/* End XCVersionGroup section */
	};
	rootObject = B39135371412A75A0053C84B /* Project object */;
}
